// !$*UTF8*$!
{
	archiveVersion = 1;
	classes = {
	};
	objectVersion = 42;
	objects = {

/* Begin PBXBuildFile section */
		0182416B09C892C500CDFD3F /* julia.icns in Resources */ = {isa = PBXBuildFile; fileRef = 0182416A09C892C500CDFD3F /* julia.icns */; };
		01DD1B6B09CB653900A43FB5 /* FSTools.h in Resources */ = {isa = PBXBuildFile; fileRef = 01DD1B6909CB653900A43FB5 /* FSTools.h */; };
		01DD1B6C09CB653900A43FB5 /* FSTools.m in Sources */ = {isa = PBXBuildFile; fileRef = 01DD1B6A09CB653900A43FB5 /* FSTools.m */; };
		01DD1CE509CC945700A43FB5 /* FSCursors.h in Resources */ = {isa = PBXBuildFile; fileRef = 01DD1CE309CC945700A43FB5 /* FSCursors.h */; };
		01DD1CE609CC945700A43FB5 /* FSCursors.m in Sources */ = {isa = PBXBuildFile; fileRef = 01DD1CE409CC945700A43FB5 /* FSCursors.m */; };
		01DD1D7109CC9DE000A43FB5 /* ZoomIn.tiff in Resources */ = {isa = PBXBuildFile; fileRef = 01DD1D7009CC9DE000A43FB5 /* ZoomIn.tiff */; };
		680F378C0CA06E3300F1F52E /* programList in Resources */ = {isa = PBXBuildFile; fileRef = 680F378B0CA06E3300F1F52E /* programList */; };
		6846D46D0D3C254B003A46AF /* FSColorWidget.m in Sources */ = {isa = PBXBuildFile; fileRef = 6846D46C0D3C254B003A46AF /* FSColorWidget.m */; };
		684E659A0CF91D8700BAB5A5 /* FSViewer.m in Sources */ = {isa = PBXBuildFile; fileRef = 684E65990CF91D8700BAB5A5 /* FSViewer.m */; };
		684E67E10CF9560300BAB5A5 /* FSBrowser.m in Sources */ = {isa = PBXBuildFile; fileRef = 684E67E00CF9560300BAB5A5 /* FSBrowser.m */; };
		684E67E50CF958A800BAB5A5 /* MyDocument-saved.nib in Resources */ = {isa = PBXBuildFile; fileRef = 684E67E30CF958A800BAB5A5 /* MyDocument-saved.nib */; };
		685F90FA0D3D764C00C82447 /* FSColorizer.m in Sources */ = {isa = PBXBuildFile; fileRef = 685F90F90D3D764C00C82447 /* FSColorizer.m */; };
		687AEF310D75C9CC00998D23 /* Info.plist in Resources */ = {isa = PBXBuildFile; fileRef = 8D15AC360486D014006FF6A4 /* Info.plist */; };
		687AEF320D75C9CC00998D23 /* Credits.rtf in Resources */ = {isa = PBXBuildFile; fileRef = 2A37F4B9FDCFA73011CA2CEA /* Credits.rtf */; };
		687AEF330D75C9CC00998D23 /* MainMenu.nib in Resources */ = {isa = PBXBuildFile; fileRef = 2A37F4B6FDCFA73011CA2CEA /* MainMenu.nib */; };
		687AEF340D75C9CC00998D23 /* FSDocument.nib in Resources */ = {isa = PBXBuildFile; fileRef = 2A37F4B4FDCFA73011CA2CEA /* FSDocument.nib */; };
		687AEF350D75C9CC00998D23 /* InfoPlist.strings in Resources */ = {isa = PBXBuildFile; fileRef = 089C165FFE840EACC02AAC07 /* InfoPlist.strings */; };
		687AEF360D75C9CC00998D23 /* julia.icns in Resources */ = {isa = PBXBuildFile; fileRef = 0182416A09C892C500CDFD3F /* julia.icns */; };
		687AEF3A0D75C9CC00998D23 /* FSTools.h in Resources */ = {isa = PBXBuildFile; fileRef = 01DD1B6909CB653900A43FB5 /* FSTools.h */; };
		687AEF3B0D75C9CC00998D23 /* FSCursors.h in Resources */ = {isa = PBXBuildFile; fileRef = 01DD1CE309CC945700A43FB5 /* FSCursors.h */; };
		687AEF3C0D75C9CC00998D23 /* ZoomIn.tiff in Resources */ = {isa = PBXBuildFile; fileRef = 01DD1D7009CC9DE000A43FB5 /* ZoomIn.tiff */; };
		687AEF3E0D75C9CC00998D23 /* programList in Resources */ = {isa = PBXBuildFile; fileRef = 680F378B0CA06E3300F1F52E /* programList */; };
		687AEF3F0D75C9CC00998D23 /* MyDocument-saved.nib in Resources */ = {isa = PBXBuildFile; fileRef = 684E67E30CF958A800BAB5A5 /* MyDocument-saved.nib */; };
		687AEF420D75C9CC00998D23 /* main.m in Sources */ = {isa = PBXBuildFile; fileRef = 2A37F4B0FDCFA73011CA2CEA /* main.m */; settings = {ATTRIBUTES = (); }; };
		687AEF460D75C9CC00998D23 /* FSTools.m in Sources */ = {isa = PBXBuildFile; fileRef = 01DD1B6A09CB653900A43FB5 /* FSTools.m */; };
		687AEF470D75C9CC00998D23 /* FSCursors.m in Sources */ = {isa = PBXBuildFile; fileRef = 01DD1CE409CC945700A43FB5 /* FSCursors.m */; };
		687AEF490D75C9CC00998D23 /* FSViewer.m in Sources */ = {isa = PBXBuildFile; fileRef = 684E65990CF91D8700BAB5A5 /* FSViewer.m */; };
		687AEF4A0D75C9CC00998D23 /* FSBrowser.m in Sources */ = {isa = PBXBuildFile; fileRef = 684E67E00CF9560300BAB5A5 /* FSBrowser.m */; };
		687AEF4B0D75C9CC00998D23 /* FSSession.m in Sources */ = {isa = PBXBuildFile; fileRef = 68B732220D3AFEB10021E000 /* FSSession.m */; };
		687AEF4C0D75C9CC00998D23 /* FSColorWidget.m in Sources */ = {isa = PBXBuildFile; fileRef = 6846D46C0D3C254B003A46AF /* FSColorWidget.m */; };
		687AEF4D0D75C9CC00998D23 /* FSColorizer.m in Sources */ = {isa = PBXBuildFile; fileRef = 685F90F90D3D764C00C82447 /* FSColorizer.m */; };
		687AEF4E0D75C9CC00998D23 /* FSRenderer.m in Sources */ = {isa = PBXBuildFile; fileRef = 68FAB4FB0D5ADA07004ABF7A /* FSRenderer.m */; };
		687AEF4F0D75C9CC00998D23 /* FSEParseTree.m in Sources */ = {isa = PBXBuildFile; fileRef = 68A35A780D5D79DB00FE5ACA /* FSEParseTree.m */; };
		687AEF500D75C9CC00998D23 /* FSECompiler.m in Sources */ = {isa = PBXBuildFile; fileRef = 68A35A7A0D5D79DB00FE5ACA /* FSECompiler.m */; };
		687AEF510D75C9CC00998D23 /* FSEC_gcc.c in Sources */ = {isa = PBXBuildFile; fileRef = 68A35A7B0D5D79DB00FE5ACA /* FSEC_gcc.c */; };
		687AEF520D75C9CC00998D23 /* FSEController.m in Sources */ = {isa = PBXBuildFile; fileRef = 68A35A7E0D5D79DB00FE5ACA /* FSEController.m */; };
		687AEF530D75C9CC00998D23 /* FSSave.m in Sources */ = {isa = PBXBuildFile; fileRef = 68A35BA30D5FBD7B00FE5ACA /* FSSave.m */; };
		687AEF550D75C9CC00998D23 /* Cocoa.framework in Frameworks */ = {isa = PBXBuildFile; fileRef = 1058C7A7FEA54F5311CA2CBB /* Cocoa.framework */; };
		687AEF8A0D75CAA300998D23 /* Foundation.framework in Frameworks */ = {isa = PBXBuildFile; fileRef = 2A37F4C5FDCFA73011CA2CEA /* Foundation.framework */; };
		687AEF8B0D75CAA800998D23 /* AppKit.framework in Frameworks */ = {isa = PBXBuildFile; fileRef = 2A37F4C4FDCFA73011CA2CEA /* AppKit.framework */; };
		6882595C0F25ABDC00D86B76 /* FSRenderOperation.m in Sources */ = {isa = PBXBuildFile; fileRef = 6882595B0F25ABDC00D86B76 /* FSRenderOperation.m */; };
		6882595F0F25ABF800D86B76 /* FSColorOperation.m in Sources */ = {isa = PBXBuildFile; fileRef = 6882595E0F25ABF800D86B76 /* FSColorOperation.m */; };
		68825F940F27B9AC00D86B76 /* FSThreading.m in Sources */ = {isa = PBXBuildFile; fileRef = 68825F930F27B9AC00D86B76 /* FSThreading.m */; };
		6888A6530F2AB41300724593 /* FSKernel.M in Sources */ = {isa = PBXBuildFile; fileRef = 6888A6520F2AB41300724593 /* FSKernel.M */; };
		6888AE180F2EAFA500724593 /* FSJitter.M in Sources */ = {isa = PBXBuildFile; fileRef = 6888AE170F2EAFA500724593 /* FSJitter.M */; };
		6888B0AF0F2EECB400724593 /* FSScriptLibraryController.m in Sources */ = {isa = PBXBuildFile; fileRef = 6888B0AE0F2EECB400724593 /* FSScriptLibraryController.m */; };
		6888B0B20F2EECCD00724593 /* FSColorLibraryController.m in Sources */ = {isa = PBXBuildFile; fileRef = 6888B0B10F2EECCD00724593 /* FSColorLibraryController.m */; };
		6888B26B0F2FB47F00724593 /* folder.png in Resources */ = {isa = PBXBuildFile; fileRef = 6888B26A0F2FB47F00724593 /* folder.png */; };
		6888B2E00F3042B400724593 /* LLVMExecutionEngine.o in Frameworks */ = {isa = PBXBuildFile; fileRef = 6888B2DA0F3042B400724593 /* LLVMExecutionEngine.o */; };
		6888B2E10F3042B400724593 /* LLVMJIT.o in Frameworks */ = {isa = PBXBuildFile; fileRef = 6888B2DB0F3042B400724593 /* LLVMJIT.o */; };
		6888B2E20F3042B400724593 /* LLVMPowerPCAsmPrinter.o in Frameworks */ = {isa = PBXBuildFile; fileRef = 6888B2DC0F3042B400724593 /* LLVMPowerPCAsmPrinter.o */; };
		6888B2E30F3042B400724593 /* LLVMPowerPCCodeGen.o in Frameworks */ = {isa = PBXBuildFile; fileRef = 6888B2DD0F3042B400724593 /* LLVMPowerPCCodeGen.o */; };
		6888B2E40F3042B400724593 /* LLVMX86AsmPrinter.o in Frameworks */ = {isa = PBXBuildFile; fileRef = 6888B2DE0F3042B400724593 /* LLVMX86AsmPrinter.o */; };
		6888B2E50F3042B400724593 /* LLVMX86CodeGen.o in Frameworks */ = {isa = PBXBuildFile; fileRef = 6888B2DF0F3042B400724593 /* LLVMX86CodeGen.o */; };
		68A35A810D5D79DB00FE5ACA /* FSEParseTree.m in Sources */ = {isa = PBXBuildFile; fileRef = 68A35A780D5D79DB00FE5ACA /* FSEParseTree.m */; };
		68A35A820D5D79DB00FE5ACA /* FSECompiler.m in Sources */ = {isa = PBXBuildFile; fileRef = 68A35A7A0D5D79DB00FE5ACA /* FSECompiler.m */; };
		68A35A830D5D79DB00FE5ACA /* FSEC_gcc.c in Sources */ = {isa = PBXBuildFile; fileRef = 68A35A7B0D5D79DB00FE5ACA /* FSEC_gcc.c */; };
		68A35A840D5D79DB00FE5ACA /* FSEController.m in Sources */ = {isa = PBXBuildFile; fileRef = 68A35A7E0D5D79DB00FE5ACA /* FSEController.m */; };
		68A35BA40D5FBD7B00FE5ACA /* FSSave.m in Sources */ = {isa = PBXBuildFile; fileRef = 68A35BA30D5FBD7B00FE5ACA /* FSSave.m */; };
		68B732230D3AFEB10021E000 /* FSSession.m in Sources */ = {isa = PBXBuildFile; fileRef = 68B732220D3AFEB10021E000 /* FSSession.m */; };
		68B7323A0D3B01560021E000 /* Info.plist in Resources */ = {isa = PBXBuildFile; fileRef = 8D15AC360486D014006FF6A4 /* Info.plist */; };
		68BFD8340DADB86800325B56 /* FSDocument.m in Sources */ = {isa = PBXBuildFile; fileRef = 68BFD8330DADB86800325B56 /* FSDocument.m */; };
		68FAB4FC0D5ADA07004ABF7A /* FSRenderer.m in Sources */ = {isa = PBXBuildFile; fileRef = 68FAB4FB0D5ADA07004ABF7A /* FSRenderer.m */; };
		8D15AC2C0486D014006FF6A4 /* Credits.rtf in Resources */ = {isa = PBXBuildFile; fileRef = 2A37F4B9FDCFA73011CA2CEA /* Credits.rtf */; };
		8D15AC2D0486D014006FF6A4 /* MainMenu.nib in Resources */ = {isa = PBXBuildFile; fileRef = 2A37F4B6FDCFA73011CA2CEA /* MainMenu.nib */; };
		8D15AC2E0486D014006FF6A4 /* FSDocument.nib in Resources */ = {isa = PBXBuildFile; fileRef = 2A37F4B4FDCFA73011CA2CEA /* FSDocument.nib */; };
		8D15AC2F0486D014006FF6A4 /* InfoPlist.strings in Resources */ = {isa = PBXBuildFile; fileRef = 089C165FFE840EACC02AAC07 /* InfoPlist.strings */; };
		8D15AC320486D014006FF6A4 /* main.m in Sources */ = {isa = PBXBuildFile; fileRef = 2A37F4B0FDCFA73011CA2CEA /* main.m */; settings = {ATTRIBUTES = (); }; };
		8D15AC340486D014006FF6A4 /* Cocoa.framework in Frameworks */ = {isa = PBXBuildFile; fileRef = 1058C7A7FEA54F5311CA2CBB /* Cocoa.framework */; };
/* End PBXBuildFile section */

/* Begin PBXBuildRule section */
		687AEF910D75CC4E00998D23 /* PBXBuildRule */ = {
			isa = PBXBuildRule;
			compilerSpec = org.cocotron.1.0.windows.i386.gcc.default;
			fileType = sourcecode.c;
			isEditable = 1;
			outputFiles = (
			);
		};
/* End PBXBuildRule section */

/* Begin PBXFileReference section */
		0182416A09C892C500CDFD3F /* julia.icns */ = {isa = PBXFileReference; lastKnownFileType = image.icns; path = julia.icns; sourceTree = "<group>"; };
		01DD1B6909CB653900A43FB5 /* FSTools.h */ = {isa = PBXFileReference; fileEncoding = 4; lastKnownFileType = sourcecode.c.h; path = FSTools.h; sourceTree = "<group>"; };
		01DD1B6A09CB653900A43FB5 /* FSTools.m */ = {isa = PBXFileReference; fileEncoding = 4; lastKnownFileType = sourcecode.c.objc; path = FSTools.m; sourceTree = "<group>"; };
		01DD1CE309CC945700A43FB5 /* FSCursors.h */ = {isa = PBXFileReference; fileEncoding = 4; lastKnownFileType = sourcecode.c.h; path = FSCursors.h; sourceTree = "<group>"; };
		01DD1CE409CC945700A43FB5 /* FSCursors.m */ = {isa = PBXFileReference; fileEncoding = 4; lastKnownFileType = sourcecode.c.objc; path = FSCursors.m; sourceTree = "<group>"; };
		01DD1D7009CC9DE000A43FB5 /* ZoomIn.tiff */ = {isa = PBXFileReference; lastKnownFileType = image.tiff; path = ZoomIn.tiff; sourceTree = "<group>"; };
		089C1660FE840EACC02AAC07 /* English */ = {isa = PBXFileReference; fileEncoding = 10; lastKnownFileType = text.plist.strings; name = English; path = English.lproj/InfoPlist.strings; sourceTree = "<group>"; };
		1058C7A7FEA54F5311CA2CBB /* Cocoa.framework */ = {isa = PBXFileReference; lastKnownFileType = wrapper.framework; name = Cocoa.framework; path = /System/Library/Frameworks/Cocoa.framework; sourceTree = "<absolute>"; };
		2A37F4B0FDCFA73011CA2CEA /* main.m */ = {isa = PBXFileReference; fileEncoding = 4; lastKnownFileType = sourcecode.c.objc; path = main.m; sourceTree = "<group>"; };
		2A37F4B5FDCFA73011CA2CEA /* English */ = {isa = PBXFileReference; lastKnownFileType = wrapper.nib; name = English; path = English.lproj/FSDocument.nib; sourceTree = "<group>"; };
		2A37F4B7FDCFA73011CA2CEA /* English */ = {isa = PBXFileReference; lastKnownFileType = wrapper.nib; name = English; path = English.lproj/MainMenu.nib; sourceTree = "<group>"; };
		2A37F4BAFDCFA73011CA2CEA /* English */ = {isa = PBXFileReference; lastKnownFileType = text.rtf; name = English; path = English.lproj/Credits.rtf; sourceTree = "<group>"; };
		2A37F4C4FDCFA73011CA2CEA /* AppKit.framework */ = {isa = PBXFileReference; lastKnownFileType = wrapper.framework; name = AppKit.framework; path = /System/Library/Frameworks/AppKit.framework; sourceTree = "<absolute>"; };
		2A37F4C5FDCFA73011CA2CEA /* Foundation.framework */ = {isa = PBXFileReference; lastKnownFileType = wrapper.framework; name = Foundation.framework; path = /System/Library/Frameworks/Foundation.framework; sourceTree = "<absolute>"; };
		32DBCF750370BD2300C91783 /* FractalStream_Prefix.pch */ = {isa = PBXFileReference; fileEncoding = 4; lastKnownFileType = sourcecode.c.h; path = FractalStream_Prefix.pch; sourceTree = "<group>"; };
		680F378B0CA06E3300F1F52E /* programList */ = {isa = PBXFileReference; lastKnownFileType = file; path = programList; sourceTree = "<group>"; };
		6817ACA80D6D0A3500DE08B0 /* FSCWNamedColors.H */ = {isa = PBXFileReference; fileEncoding = 4; lastKnownFileType = sourcecode.cpp.h; path = FSCWNamedColors.H; sourceTree = "<group>"; };
		6846D46B0D3C254B003A46AF /* FSColorWidget.h */ = {isa = PBXFileReference; fileEncoding = 4; lastKnownFileType = sourcecode.c.h; path = FSColorWidget.h; sourceTree = "<group>"; };
		6846D46C0D3C254B003A46AF /* FSColorWidget.m */ = {isa = PBXFileReference; fileEncoding = 4; lastKnownFileType = sourcecode.c.objc; path = FSColorWidget.m; sourceTree = "<group>"; };
		684E65980CF91D8600BAB5A5 /* FSViewer.h */ = {isa = PBXFileReference; fileEncoding = 4; lastKnownFileType = sourcecode.c.h; path = FSViewer.h; sourceTree = "<group>"; };
		684E65990CF91D8700BAB5A5 /* FSViewer.m */ = {isa = PBXFileReference; fileEncoding = 4; lastKnownFileType = sourcecode.c.objc; path = FSViewer.m; sourceTree = "<group>"; };
		684E67DF0CF9560300BAB5A5 /* FSBrowser.h */ = {isa = PBXFileReference; fileEncoding = 4; lastKnownFileType = sourcecode.c.h; path = FSBrowser.h; sourceTree = "<group>"; };
		684E67E00CF9560300BAB5A5 /* FSBrowser.m */ = {isa = PBXFileReference; fileEncoding = 4; lastKnownFileType = sourcecode.c.objc; path = FSBrowser.m; sourceTree = "<group>"; };
		684E67E40CF958A800BAB5A5 /* English */ = {isa = PBXFileReference; lastKnownFileType = wrapper.nib; name = English; path = "English.lproj/MyDocument-saved.nib"; sourceTree = "<group>"; };
		685F90F80D3D764C00C82447 /* FSColorizer.h */ = {isa = PBXFileReference; fileEncoding = 4; lastKnownFileType = sourcecode.c.h; path = FSColorizer.h; sourceTree = "<group>"; };
		685F90F90D3D764C00C82447 /* FSColorizer.m */ = {isa = PBXFileReference; fileEncoding = 4; lastKnownFileType = sourcecode.c.objc; path = FSColorizer.m; sourceTree = "<group>"; };
		687AEF5C0D75C9CC00998D23 /* FractalStream.app */ = {isa = PBXFileReference; explicitFileType = wrapper.application; includeInIndex = 0; path = FractalStream.app; sourceTree = BUILT_PRODUCTS_DIR; };
		687AEF5E0D75C9CC00998D23 /* Info copy.plist */ = {isa = PBXFileReference; lastKnownFileType = text.plist.xml; path = "Info copy.plist"; sourceTree = "<group>"; };
		6882595A0F25ABDC00D86B76 /* FSRenderOperation.h */ = {isa = PBXFileReference; fileEncoding = 4; lastKnownFileType = sourcecode.c.h; path = FSRenderOperation.h; sourceTree = "<group>"; };
		6882595B0F25ABDC00D86B76 /* FSRenderOperation.m */ = {isa = PBXFileReference; fileEncoding = 4; lastKnownFileType = sourcecode.c.objc; path = FSRenderOperation.m; sourceTree = "<group>"; };
		6882595D0F25ABF800D86B76 /* FSColorOperation.h */ = {isa = PBXFileReference; fileEncoding = 4; lastKnownFileType = sourcecode.c.h; path = FSColorOperation.h; sourceTree = "<group>"; };
		6882595E0F25ABF800D86B76 /* FSColorOperation.m */ = {isa = PBXFileReference; fileEncoding = 4; lastKnownFileType = sourcecode.c.objc; path = FSColorOperation.m; sourceTree = "<group>"; };
		68825AEC0F266FD300D86B76 /* FSRenderUnit.h */ = {isa = PBXFileReference; fileEncoding = 4; lastKnownFileType = sourcecode.c.h; path = FSRenderUnit.h; sourceTree = "<group>"; };
		68825F910F27B83600D86B76 /* FSThreading.h */ = {isa = PBXFileReference; fileEncoding = 4; lastKnownFileType = sourcecode.c.h; path = FSThreading.h; sourceTree = "<group>"; };
		68825F930F27B9AC00D86B76 /* FSThreading.m */ = {isa = PBXFileReference; fileEncoding = 4; lastKnownFileType = sourcecode.c.objc; path = FSThreading.m; sourceTree = "<group>"; };
		6888A6510F2AB41300724593 /* FSKernel.h */ = {isa = PBXFileReference; fileEncoding = 4; lastKnownFileType = sourcecode.c.h; path = FSKernel.h; sourceTree = "<group>"; };
		6888A6520F2AB41300724593 /* FSKernel.M */ = {isa = PBXFileReference; fileEncoding = 4; lastKnownFileType = sourcecode.cpp.objcpp; path = FSKernel.M; sourceTree = "<group>"; };
		6888AE160F2EAFA500724593 /* FSJitter.h */ = {isa = PBXFileReference; fileEncoding = 4; lastKnownFileType = sourcecode.c.h; path = FSJitter.h; sourceTree = "<group>"; };
		6888AE170F2EAFA500724593 /* FSJitter.M */ = {isa = PBXFileReference; fileEncoding = 4; lastKnownFileType = sourcecode.cpp.objcpp; path = FSJitter.M; sourceTree = "<group>"; };
		6888B0AD0F2EECB400724593 /* FSScriptLibraryController.h */ = {isa = PBXFileReference; fileEncoding = 4; lastKnownFileType = sourcecode.c.h; path = FSScriptLibraryController.h; sourceTree = "<group>"; };
		6888B0AE0F2EECB400724593 /* FSScriptLibraryController.m */ = {isa = PBXFileReference; fileEncoding = 4; lastKnownFileType = sourcecode.c.objc; path = FSScriptLibraryController.m; sourceTree = "<group>"; };
		6888B0B00F2EECCD00724593 /* FSColorLibraryController.h */ = {isa = PBXFileReference; fileEncoding = 4; lastKnownFileType = sourcecode.c.h; path = FSColorLibraryController.h; sourceTree = "<group>"; };
		6888B0B10F2EECCD00724593 /* FSColorLibraryController.m */ = {isa = PBXFileReference; fileEncoding = 4; lastKnownFileType = sourcecode.c.objc; path = FSColorLibraryController.m; sourceTree = "<group>"; };
		6888B26A0F2FB47F00724593 /* folder.png */ = {isa = PBXFileReference; lastKnownFileType = image.png; path = folder.png; sourceTree = "<group>"; };
		6888B2DA0F3042B400724593 /* LLVMExecutionEngine.o */ = {isa = PBXFileReference; lastKnownFileType = "compiled.mach-o.objfile"; name = LLVMExecutionEngine.o; path = /usr/local/lib/LLVMExecutionEngine.o; sourceTree = "<absolute>"; };
		6888B2DB0F3042B400724593 /* LLVMJIT.o */ = {isa = PBXFileReference; lastKnownFileType = "compiled.mach-o.objfile"; name = LLVMJIT.o; path = /usr/local/lib/LLVMJIT.o; sourceTree = "<absolute>"; };
		6888B2DC0F3042B400724593 /* LLVMPowerPCAsmPrinter.o */ = {isa = PBXFileReference; lastKnownFileType = "compiled.mach-o.objfile"; name = LLVMPowerPCAsmPrinter.o; path = /usr/local/lib/LLVMPowerPCAsmPrinter.o; sourceTree = "<absolute>"; };
		6888B2DD0F3042B400724593 /* LLVMPowerPCCodeGen.o */ = {isa = PBXFileReference; lastKnownFileType = "compiled.mach-o.objfile"; name = LLVMPowerPCCodeGen.o; path = /usr/local/lib/LLVMPowerPCCodeGen.o; sourceTree = "<absolute>"; };
		6888B2DE0F3042B400724593 /* LLVMX86AsmPrinter.o */ = {isa = PBXFileReference; lastKnownFileType = "compiled.mach-o.objfile"; name = LLVMX86AsmPrinter.o; path = /usr/local/lib/LLVMX86AsmPrinter.o; sourceTree = "<absolute>"; };
		6888B2DF0F3042B400724593 /* LLVMX86CodeGen.o */ = {isa = PBXFileReference; lastKnownFileType = "compiled.mach-o.objfile"; name = LLVMX86CodeGen.o; path = /usr/local/lib/LLVMX86CodeGen.o; sourceTree = "<absolute>"; };
		68A35A770D5D79DB00FE5ACA /* FSECompiler.h */ = {isa = PBXFileReference; fileEncoding = 4; lastKnownFileType = sourcecode.c.h; path = FSECompiler.h; sourceTree = "<group>"; };
		68A35A780D5D79DB00FE5ACA /* FSEParseTree.m */ = {isa = PBXFileReference; fileEncoding = 4; lastKnownFileType = sourcecode.c.objc; path = FSEParseTree.m; sourceTree = "<group>"; };
		68A35A790D5D79DB00FE5ACA /* FSEParseNode.h */ = {isa = PBXFileReference; fileEncoding = 4; lastKnownFileType = sourcecode.c.h; path = FSEParseNode.h; sourceTree = "<group>"; };
		68A35A7A0D5D79DB00FE5ACA /* FSECompiler.m */ = {isa = PBXFileReference; fileEncoding = 4; lastKnownFileType = sourcecode.c.objc; path = FSECompiler.m; sourceTree = "<group>"; };
		68A35A7B0D5D79DB00FE5ACA /* FSEC_gcc.c */ = {isa = PBXFileReference; fileEncoding = 4; lastKnownFileType = sourcecode.c.c; path = FSEC_gcc.c; sourceTree = "<group>"; };
		68A35A7C0D5D79DB00FE5ACA /* FSEParseTree.h */ = {isa = PBXFileReference; fileEncoding = 4; lastKnownFileType = sourcecode.c.h; path = FSEParseTree.h; sourceTree = "<group>"; };
		68A35A7D0D5D79DB00FE5ACA /* FSECompilerSymbols.H */ = {isa = PBXFileReference; fileEncoding = 4; lastKnownFileType = sourcecode.cpp.h; path = FSECompilerSymbols.H; sourceTree = "<group>"; };
		68A35A7E0D5D79DB00FE5ACA /* FSEController.m */ = {isa = PBXFileReference; fileEncoding = 4; lastKnownFileType = sourcecode.c.objc; path = FSEController.m; sourceTree = "<group>"; };
		68A35A7F0D5D79DB00FE5ACA /* FSEC_gcc.h */ = {isa = PBXFileReference; fileEncoding = 4; lastKnownFileType = sourcecode.c.h; path = FSEC_gcc.h; sourceTree = "<group>"; };
		68A35A800D5D79DB00FE5ACA /* FSEController.h */ = {isa = PBXFileReference; fileEncoding = 4; lastKnownFileType = sourcecode.c.h; path = FSEController.h; sourceTree = "<group>"; };
		68A35BA20D5FBD7B00FE5ACA /* FSSave.h */ = {isa = PBXFileReference; fileEncoding = 4; lastKnownFileType = sourcecode.c.h; path = FSSave.h; sourceTree = "<group>"; };
		68A35BA30D5FBD7B00FE5ACA /* FSSave.m */ = {isa = PBXFileReference; fileEncoding = 4; lastKnownFileType = sourcecode.c.objc; path = FSSave.m; sourceTree = "<group>"; };
		68B0A09A0CEA19E400BCFBFF /* FSToolStruct.h */ = {isa = PBXFileReference; fileEncoding = 4; lastKnownFileType = sourcecode.c.h; path = FSToolStruct.h; sourceTree = "<group>"; };
		68B0A18E0CEA34C500BCFBFF /* FSToolInterface.h */ = {isa = PBXFileReference; fileEncoding = 4; lastKnownFileType = sourcecode.c.h; path = FSToolInterface.h; sourceTree = "<group>"; };
		68B730410D37FF2D0021E000 /* FSViewerData.h */ = {isa = PBXFileReference; fileEncoding = 4; lastKnownFileType = sourcecode.c.h; path = FSViewerData.h; sourceTree = "<group>"; };
		68B732210D3AFEB10021E000 /* FSSession.h */ = {isa = PBXFileReference; fileEncoding = 30; lastKnownFileType = sourcecode.c.h; path = FSSession.h; sourceTree = "<group>"; };
		68B732220D3AFEB10021E000 /* FSSession.m */ = {isa = PBXFileReference; fileEncoding = 30; lastKnownFileType = sourcecode.c.objc; path = FSSession.m; sourceTree = "<group>"; };
		68BFD5FD0DA5EF0600325B56 /* FSTool.h */ = {isa = PBXFileReference; fileEncoding = 4; lastKnownFileType = sourcecode.c.h; path = FSTool.h; sourceTree = "<group>"; };
		68BFD8320DADB86800325B56 /* FSDocument.h */ = {isa = PBXFileReference; fileEncoding = 4; lastKnownFileType = sourcecode.c.h; path = FSDocument.h; sourceTree = "<group>"; };
		68BFD8330DADB86800325B56 /* FSDocument.m */ = {isa = PBXFileReference; fileEncoding = 4; lastKnownFileType = sourcecode.c.objc; path = FSDocument.m; sourceTree = "<group>"; };
		68FAB4FA0D5ADA07004ABF7A /* FSRenderer.h */ = {isa = PBXFileReference; fileEncoding = 4; lastKnownFileType = sourcecode.c.h; path = FSRenderer.h; sourceTree = "<group>"; };
		68FAB4FB0D5ADA07004ABF7A /* FSRenderer.m */ = {isa = PBXFileReference; fileEncoding = 4; lastKnownFileType = sourcecode.c.objc; path = FSRenderer.m; sourceTree = "<group>"; };
		8D15AC360486D014006FF6A4 /* Info.plist */ = {isa = PBXFileReference; fileEncoding = 4; lastKnownFileType = text.plist; path = Info.plist; sourceTree = "<group>"; };
		8D15AC370486D014006FF6A4 /* FractalStream.app */ = {isa = PBXFileReference; explicitFileType = wrapper.application; includeInIndex = 0; path = FractalStream.app; sourceTree = BUILT_PRODUCTS_DIR; };
/* End PBXFileReference section */

/* Begin PBXFrameworksBuildPhase section */
		687AEF540D75C9CC00998D23 /* Frameworks */ = {
			isa = PBXFrameworksBuildPhase;
			buildActionMask = 2147483647;
			files = (
				687AEF550D75C9CC00998D23 /* Cocoa.framework in Frameworks */,
				687AEF8A0D75CAA300998D23 /* Foundation.framework in Frameworks */,
				687AEF8B0D75CAA800998D23 /* AppKit.framework in Frameworks */,
			);
			runOnlyForDeploymentPostprocessing = 0;
		};
		8D15AC330486D014006FF6A4 /* Frameworks */ = {
			isa = PBXFrameworksBuildPhase;
			buildActionMask = 2147483647;
			files = (
				8D15AC340486D014006FF6A4 /* Cocoa.framework in Frameworks */,
				6888B2E00F3042B400724593 /* LLVMExecutionEngine.o in Frameworks */,
				6888B2E10F3042B400724593 /* LLVMJIT.o in Frameworks */,
				6888B2E20F3042B400724593 /* LLVMPowerPCAsmPrinter.o in Frameworks */,
				6888B2E30F3042B400724593 /* LLVMPowerPCCodeGen.o in Frameworks */,
				6888B2E40F3042B400724593 /* LLVMX86AsmPrinter.o in Frameworks */,
				6888B2E50F3042B400724593 /* LLVMX86CodeGen.o in Frameworks */,
			);
			runOnlyForDeploymentPostprocessing = 0;
		};
/* End PBXFrameworksBuildPhase section */

/* Begin PBXGroup section */
		019EAF500A2600A000E2AC05 /* Program Editor */ = {
			isa = PBXGroup;
			children = (
				68A35A7D0D5D79DB00FE5ACA /* FSECompilerSymbols.H */,
				68A35A790D5D79DB00FE5ACA /* FSEParseNode.h */,
				68A35A7C0D5D79DB00FE5ACA /* FSEParseTree.h */,
				68A35A780D5D79DB00FE5ACA /* FSEParseTree.m */,
				68A35A770D5D79DB00FE5ACA /* FSECompiler.h */,
				68A35A7A0D5D79DB00FE5ACA /* FSECompiler.m */,
				68A35A7F0D5D79DB00FE5ACA /* FSEC_gcc.h */,
				68A35A7B0D5D79DB00FE5ACA /* FSEC_gcc.c */,
				68A35A800D5D79DB00FE5ACA /* FSEController.h */,
				68A35A7E0D5D79DB00FE5ACA /* FSEController.m */,
				6888A6510F2AB41300724593 /* FSKernel.h */,
				6888A6520F2AB41300724593 /* FSKernel.M */,
				6888AE160F2EAFA500724593 /* FSJitter.h */,
				6888AE170F2EAFA500724593 /* FSJitter.M */,
			);
			name = "Program Editor";
			sourceTree = "<group>";
		};
		019EAFBD0A26095100E2AC05 /* View */ = {
			isa = PBXGroup;
			children = (
				68BFD5FD0DA5EF0600325B56 /* FSTool.h */,
				68B730410D37FF2D0021E000 /* FSViewerData.h */,
				68B0A09A0CEA19E400BCFBFF /* FSToolStruct.h */,
				68B0A18E0CEA34C500BCFBFF /* FSToolInterface.h */,
				01DD1CE309CC945700A43FB5 /* FSCursors.h */,
				01DD1CE409CC945700A43FB5 /* FSCursors.m */,
				01DD1B6909CB653900A43FB5 /* FSTools.h */,
				01DD1B6A09CB653900A43FB5 /* FSTools.m */,
				68FAB4FA0D5ADA07004ABF7A /* FSRenderer.h */,
				68FAB4FB0D5ADA07004ABF7A /* FSRenderer.m */,
				684E65980CF91D8600BAB5A5 /* FSViewer.h */,
				684E65990CF91D8700BAB5A5 /* FSViewer.m */,
				68825AEC0F266FD300D86B76 /* FSRenderUnit.h */,
				6882595A0F25ABDC00D86B76 /* FSRenderOperation.h */,
				6882595B0F25ABDC00D86B76 /* FSRenderOperation.m */,
				685F90F80D3D764C00C82447 /* FSColorizer.h */,
				685F90F90D3D764C00C82447 /* FSColorizer.m */,
				6882595D0F25ABF800D86B76 /* FSColorOperation.h */,
				6882595E0F25ABF800D86B76 /* FSColorOperation.m */,
				68825F910F27B83600D86B76 /* FSThreading.h */,
				68825F930F27B9AC00D86B76 /* FSThreading.m */,
			);
			name = View;
			sourceTree = "<group>";
		};
		019EAFC20A26098300E2AC05 /* Document */ = {
			isa = PBXGroup;
			children = (
				68BFD8320DADB86800325B56 /* FSDocument.h */,
				68BFD8330DADB86800325B56 /* FSDocument.m */,
				68A35BA20D5FBD7B00FE5ACA /* FSSave.h */,
				68A35BA30D5FBD7B00FE5ACA /* FSSave.m */,
				68B732210D3AFEB10021E000 /* FSSession.h */,
				68B732220D3AFEB10021E000 /* FSSession.m */,
				684E67DF0CF9560300BAB5A5 /* FSBrowser.h */,
				684E67E00CF9560300BAB5A5 /* FSBrowser.m */,
			);
			name = Document;
			sourceTree = "<group>";
		};
		1058C7A6FEA54F5311CA2CBB /* Linked Frameworks */ = {
			isa = PBXGroup;
			children = (
				1058C7A7FEA54F5311CA2CBB /* Cocoa.framework */,
			);
			name = "Linked Frameworks";
			sourceTree = "<group>";
		};
		1058C7A8FEA54F5311CA2CBB /* Other Frameworks */ = {
			isa = PBXGroup;
			children = (
				2A37F4C5FDCFA73011CA2CEA /* Foundation.framework */,
				2A37F4C4FDCFA73011CA2CEA /* AppKit.framework */,
			);
			name = "Other Frameworks";
			sourceTree = "<group>";
		};
		19C28FB0FE9D524F11CA2CBB /* Products */ = {
			isa = PBXGroup;
			children = (
				8D15AC370486D014006FF6A4 /* FractalStream.app */,
				687AEF5C0D75C9CC00998D23 /* FractalStream.app */,
			);
			name = Products;
			sourceTree = "<group>";
		};
		2A37F4AAFDCFA73011CA2CEA /* FractalStream */ = {
			isa = PBXGroup;
			children = (
				2A37F4ABFDCFA73011CA2CEA /* Classes */,
				2A37F4AFFDCFA73011CA2CEA /* Other Sources */,
				2A37F4B8FDCFA73011CA2CEA /* Resources */,
				6888B2D90F30421300724593 /* Libraries */,
				2A37F4C3FDCFA73011CA2CEA /* Frameworks */,
				19C28FB0FE9D524F11CA2CBB /* Products */,
			);
			name = FractalStream;
			sourceTree = "<group>";
		};
		2A37F4ABFDCFA73011CA2CEA /* Classes */ = {
			isa = PBXGroup;
			children = (
				6888B0AC0F2EEC7900724593 /* Library */,
				6846D4680D3C250D003A46AF /* Color Editor */,
				019EAFC20A26098300E2AC05 /* Document */,
				019EAF500A2600A000E2AC05 /* Program Editor */,
				019EAFBD0A26095100E2AC05 /* View */,
			);
			name = Classes;
			sourceTree = "<group>";
		};
		2A37F4AFFDCFA73011CA2CEA /* Other Sources */ = {
			isa = PBXGroup;
			children = (
				32DBCF750370BD2300C91783 /* FractalStream_Prefix.pch */,
				2A37F4B0FDCFA73011CA2CEA /* main.m */,
			);
			name = "Other Sources";
			sourceTree = "<group>";
		};
		2A37F4B8FDCFA73011CA2CEA /* Resources */ = {
			isa = PBXGroup;
			children = (
				0182416A09C892C500CDFD3F /* julia.icns */,
				680F378B0CA06E3300F1F52E /* programList */,
				2A37F4B9FDCFA73011CA2CEA /* Credits.rtf */,
				2A37F4B6FDCFA73011CA2CEA /* MainMenu.nib */,
				2A37F4B4FDCFA73011CA2CEA /* FSDocument.nib */,
				01DD1D7009CC9DE000A43FB5 /* ZoomIn.tiff */,
				6888B26A0F2FB47F00724593 /* folder.png */,
				8D15AC360486D014006FF6A4 /* Info.plist */,
				089C165FFE840EACC02AAC07 /* InfoPlist.strings */,
				684E67E30CF958A800BAB5A5 /* MyDocument-saved.nib */,
				687AEF5E0D75C9CC00998D23 /* Info copy.plist */,
			);
			name = Resources;
			sourceTree = "<group>";
		};
		2A37F4C3FDCFA73011CA2CEA /* Frameworks */ = {
			isa = PBXGroup;
			children = (
				1058C7A6FEA54F5311CA2CBB /* Linked Frameworks */,
				1058C7A8FEA54F5311CA2CBB /* Other Frameworks */,
			);
			name = Frameworks;
			sourceTree = "<group>";
		};
		6846D4680D3C250D003A46AF /* Color Editor */ = {
			isa = PBXGroup;
			children = (
				6817ACA80D6D0A3500DE08B0 /* FSCWNamedColors.H */,
				6846D46B0D3C254B003A46AF /* FSColorWidget.h */,
				6846D46C0D3C254B003A46AF /* FSColorWidget.m */,
			);
			name = "Color Editor";
			sourceTree = "<group>";
		};
		6888B0AC0F2EEC7900724593 /* Library */ = {
			isa = PBXGroup;
			children = (
				6888B0AD0F2EECB400724593 /* FSScriptLibraryController.h */,
				6888B0AE0F2EECB400724593 /* FSScriptLibraryController.m */,
				6888B0B00F2EECCD00724593 /* FSColorLibraryController.h */,
				6888B0B10F2EECCD00724593 /* FSColorLibraryController.m */,
			);
			name = Library;
			sourceTree = "<group>";
		};
		6888B2D90F30421300724593 /* Libraries */ = {
			isa = PBXGroup;
			children = (
				6888B2DA0F3042B400724593 /* LLVMExecutionEngine.o */,
				6888B2DB0F3042B400724593 /* LLVMJIT.o */,
				6888B2DC0F3042B400724593 /* LLVMPowerPCAsmPrinter.o */,
				6888B2DD0F3042B400724593 /* LLVMPowerPCCodeGen.o */,
				6888B2DE0F3042B400724593 /* LLVMX86AsmPrinter.o */,
				6888B2DF0F3042B400724593 /* LLVMX86CodeGen.o */,
			);
			name = Libraries;
			sourceTree = "<group>";
		};
/* End PBXGroup section */

/* Begin PBXNativeTarget section */
		687AEF2F0D75C9CC00998D23 /* FractalStream-Windows */ = {
			isa = PBXNativeTarget;
			buildConfigurationList = 687AEF580D75C9CC00998D23 /* Build configuration list for PBXNativeTarget "FractalStream-Windows" */;
			buildPhases = (
				687AEF300D75C9CC00998D23 /* Resources */,
				687AEF400D75C9CC00998D23 /* Sources */,
				687AEF540D75C9CC00998D23 /* Frameworks */,
				687AEF900D75CAFB00998D23 /* ShellScript */,
			);
			buildRules = (
				687AEF910D75CC4E00998D23 /* PBXBuildRule */,
			);
			dependencies = (
			);
			name = "FractalStream-Windows";
			productInstallPath = "$(HOME)/Applications";
			productName = FractalStream;
			productReference = 687AEF5C0D75C9CC00998D23 /* FractalStream.app */;
			productType = "com.apple.product-type.application";
		};
		8D15AC270486D014006FF6A4 /* FractalStream */ = {
			isa = PBXNativeTarget;
			buildConfigurationList = 68D7AE590A59B1BF0076FC20 /* Build configuration list for PBXNativeTarget "FractalStream" */;
			buildPhases = (
				8D15AC2B0486D014006FF6A4 /* Resources */,
				8D15AC300486D014006FF6A4 /* Sources */,
				8D15AC330486D014006FF6A4 /* Frameworks */,
			);
			buildRules = (
			);
			dependencies = (
			);
			name = FractalStream;
			productInstallPath = "$(HOME)/Applications";
			productName = FractalStream;
			productReference = 8D15AC370486D014006FF6A4 /* FractalStream.app */;
			productType = "com.apple.product-type.application";
		};
/* End PBXNativeTarget section */

/* Begin PBXProject section */
		2A37F4A9FDCFA73011CA2CEA /* Project object */ = {
			isa = PBXProject;
			buildConfigurationList = 68D7AE5D0A59B1BF0076FC20 /* Build configuration list for PBXProject "FractalStream" */;
			compatibilityVersion = "Xcode 2.4";
			hasScannedForEncodings = 1;
			mainGroup = 2A37F4AAFDCFA73011CA2CEA /* FractalStream */;
			projectDirPath = "";
			projectRoot = "";
			targets = (
				8D15AC270486D014006FF6A4 /* FractalStream */,
				687AEF2F0D75C9CC00998D23 /* FractalStream-Windows */,
			);
		};
/* End PBXProject section */

/* Begin PBXResourcesBuildPhase section */
		687AEF300D75C9CC00998D23 /* Resources */ = {
			isa = PBXResourcesBuildPhase;
			buildActionMask = 2147483647;
			files = (
				687AEF310D75C9CC00998D23 /* Info.plist in Resources */,
				687AEF320D75C9CC00998D23 /* Credits.rtf in Resources */,
				687AEF330D75C9CC00998D23 /* MainMenu.nib in Resources */,
				687AEF340D75C9CC00998D23 /* FSDocument.nib in Resources */,
				687AEF350D75C9CC00998D23 /* InfoPlist.strings in Resources */,
				687AEF360D75C9CC00998D23 /* julia.icns in Resources */,
				687AEF3A0D75C9CC00998D23 /* FSTools.h in Resources */,
				687AEF3B0D75C9CC00998D23 /* FSCursors.h in Resources */,
				687AEF3C0D75C9CC00998D23 /* ZoomIn.tiff in Resources */,
				687AEF3E0D75C9CC00998D23 /* programList in Resources */,
				687AEF3F0D75C9CC00998D23 /* MyDocument-saved.nib in Resources */,
			);
			runOnlyForDeploymentPostprocessing = 0;
		};
		8D15AC2B0486D014006FF6A4 /* Resources */ = {
			isa = PBXResourcesBuildPhase;
			buildActionMask = 2147483647;
			files = (
				68B7323A0D3B01560021E000 /* Info.plist in Resources */,
				8D15AC2C0486D014006FF6A4 /* Credits.rtf in Resources */,
				8D15AC2D0486D014006FF6A4 /* MainMenu.nib in Resources */,
				8D15AC2E0486D014006FF6A4 /* FSDocument.nib in Resources */,
				8D15AC2F0486D014006FF6A4 /* InfoPlist.strings in Resources */,
				0182416B09C892C500CDFD3F /* julia.icns in Resources */,
				01DD1B6B09CB653900A43FB5 /* FSTools.h in Resources */,
				01DD1CE509CC945700A43FB5 /* FSCursors.h in Resources */,
				01DD1D7109CC9DE000A43FB5 /* ZoomIn.tiff in Resources */,
				680F378C0CA06E3300F1F52E /* programList in Resources */,
				684E67E50CF958A800BAB5A5 /* MyDocument-saved.nib in Resources */,
				6888B26B0F2FB47F00724593 /* folder.png in Resources */,
			);
			runOnlyForDeploymentPostprocessing = 0;
		};
/* End PBXResourcesBuildPhase section */

/* Begin PBXShellScriptBuildPhase section */
		687AEF900D75CAFB00998D23 /* ShellScript */ = {
			isa = PBXShellScriptBuildPhase;
			buildActionMask = 2147483647;
			files = (
			);
			inputPaths = (
			);
			outputPaths = (
			);
			runOnlyForDeploymentPostprocessing = 0;
			shellPath = /bin/sh;
			shellScript = "/Developer/Cocotron/1.0/bin/retargetBundle -framework Foundation -framework AppKit -destination $TARGET_BUILD_DIR\"/\"$EXECUTABLE_FOLDER_PATH";
		};
/* End PBXShellScriptBuildPhase section */

/* Begin PBXSourcesBuildPhase section */
		687AEF400D75C9CC00998D23 /* Sources */ = {
			isa = PBXSourcesBuildPhase;
			buildActionMask = 2147483647;
			files = (
				687AEF420D75C9CC00998D23 /* main.m in Sources */,
				687AEF460D75C9CC00998D23 /* FSTools.m in Sources */,
				687AEF470D75C9CC00998D23 /* FSCursors.m in Sources */,
				687AEF490D75C9CC00998D23 /* FSViewer.m in Sources */,
				687AEF4A0D75C9CC00998D23 /* FSBrowser.m in Sources */,
				687AEF4B0D75C9CC00998D23 /* FSSession.m in Sources */,
				687AEF4C0D75C9CC00998D23 /* FSColorWidget.m in Sources */,
				687AEF4D0D75C9CC00998D23 /* FSColorizer.m in Sources */,
				687AEF4E0D75C9CC00998D23 /* FSRenderer.m in Sources */,
				687AEF4F0D75C9CC00998D23 /* FSEParseTree.m in Sources */,
				687AEF500D75C9CC00998D23 /* FSECompiler.m in Sources */,
				687AEF510D75C9CC00998D23 /* FSEC_gcc.c in Sources */,
				687AEF520D75C9CC00998D23 /* FSEController.m in Sources */,
				687AEF530D75C9CC00998D23 /* FSSave.m in Sources */,
			);
			runOnlyForDeploymentPostprocessing = 0;
		};
		8D15AC300486D014006FF6A4 /* Sources */ = {
			isa = PBXSourcesBuildPhase;
			buildActionMask = 2147483647;
			files = (
				8D15AC320486D014006FF6A4 /* main.m in Sources */,
				01DD1B6C09CB653900A43FB5 /* FSTools.m in Sources */,
				01DD1CE609CC945700A43FB5 /* FSCursors.m in Sources */,
				684E659A0CF91D8700BAB5A5 /* FSViewer.m in Sources */,
				684E67E10CF9560300BAB5A5 /* FSBrowser.m in Sources */,
				68B732230D3AFEB10021E000 /* FSSession.m in Sources */,
				6846D46D0D3C254B003A46AF /* FSColorWidget.m in Sources */,
				685F90FA0D3D764C00C82447 /* FSColorizer.m in Sources */,
				68FAB4FC0D5ADA07004ABF7A /* FSRenderer.m in Sources */,
				68A35A810D5D79DB00FE5ACA /* FSEParseTree.m in Sources */,
				68A35A820D5D79DB00FE5ACA /* FSECompiler.m in Sources */,
				68A35A830D5D79DB00FE5ACA /* FSEC_gcc.c in Sources */,
				68A35A840D5D79DB00FE5ACA /* FSEController.m in Sources */,
				68A35BA40D5FBD7B00FE5ACA /* FSSave.m in Sources */,
				68BFD8340DADB86800325B56 /* FSDocument.m in Sources */,
				6882595C0F25ABDC00D86B76 /* FSRenderOperation.m in Sources */,
				6882595F0F25ABF800D86B76 /* FSColorOperation.m in Sources */,
				68825F940F27B9AC00D86B76 /* FSThreading.m in Sources */,
				6888A6530F2AB41300724593 /* FSKernel.M in Sources */,
				6888AE180F2EAFA500724593 /* FSJitter.M in Sources */,
				6888B0AF0F2EECB400724593 /* FSScriptLibraryController.m in Sources */,
				6888B0B20F2EECCD00724593 /* FSColorLibraryController.m in Sources */,
			);
			runOnlyForDeploymentPostprocessing = 0;
		};
/* End PBXSourcesBuildPhase section */

/* Begin PBXVariantGroup section */
		089C165FFE840EACC02AAC07 /* InfoPlist.strings */ = {
			isa = PBXVariantGroup;
			children = (
				089C1660FE840EACC02AAC07 /* English */,
			);
			name = InfoPlist.strings;
			sourceTree = "<group>";
		};
		2A37F4B4FDCFA73011CA2CEA /* FSDocument.nib */ = {
			isa = PBXVariantGroup;
			children = (
				2A37F4B5FDCFA73011CA2CEA /* English */,
			);
			name = FSDocument.nib;
			sourceTree = "<group>";
		};
		2A37F4B6FDCFA73011CA2CEA /* MainMenu.nib */ = {
			isa = PBXVariantGroup;
			children = (
				2A37F4B7FDCFA73011CA2CEA /* English */,
			);
			name = MainMenu.nib;
			sourceTree = "<group>";
		};
		2A37F4B9FDCFA73011CA2CEA /* Credits.rtf */ = {
			isa = PBXVariantGroup;
			children = (
				2A37F4BAFDCFA73011CA2CEA /* English */,
			);
			name = Credits.rtf;
			sourceTree = "<group>";
		};
		684E67E30CF958A800BAB5A5 /* MyDocument-saved.nib */ = {
			isa = PBXVariantGroup;
			children = (
				684E67E40CF958A800BAB5A5 /* English */,
			);
			name = "MyDocument-saved.nib";
			sourceTree = "<group>";
		};
/* End PBXVariantGroup section */

/* Begin XCBuildConfiguration section */
		687AEF590D75C9CC00998D23 /* Development */ = {
			isa = XCBuildConfiguration;
			buildSettings = {
				ARCHS = i386;
				COPY_PHASE_STRIP = YES;
				EXECUTABLE_FOLDER_PATH = FractalStream.app/Contents/Windows;
				EXECUTABLE_SUFFIX = .exe;
				FRAMEWORK_SEARCH_PATHS = /Developer/Cocotron/1.0/Windows/i386/Frameworks;
				GCC_DYNAMIC_NO_PIC = NO;
				GCC_ENABLE_CPP_EXCEPTIONS = YES;
				GCC_ENABLE_CPP_RTTI = YES;
				GCC_PRECOMPILE_PREFIX_HEADER = NO;
				INFOPLIST_FILE = Info.plist;
				LD_MAP_FILE_PATH = "$(TARGET_TEMP_DIR)/$(PRODUCT_NAME)-LinkMap-$(CURRENT_VARIANT)-$(CURRENT_ARCH).txt";
				MACOSX_DEPLOYMENT_TARGET = "";
				OTHER_LDFLAGS = (
					"-Wl,--enable-auto-import",
					"-mwindows",
					"-lopengl32",
					"-mconsole",
				);
				PREBINDING = NO;
				PRECOMPS_INCLUDE_HEADERS_FROM_BUILT_PRODUCTS_DIR = NO;
				PRODUCT_NAME = FractalStream;
				SCAN_ALL_SOURCE_FILES_FOR_INCLUDES = NO;
				SDKROOT = "";
				SKIP_INSTALL = NO;
				SYMROOT = build/Windows;
			};
			name = Development;
		};
		687AEF5A0D75C9CC00998D23 /* Deployment */ = {
			isa = XCBuildConfiguration;
			buildSettings = {
				ARCHS = i386;
				COPY_PHASE_STRIP = YES;
				EXECUTABLE_FOLDER_PATH = FractalStream.app/Contents/Windows;
				EXECUTABLE_SUFFIX = .exe;
				FRAMEWORK_SEARCH_PATHS = /Developer/Cocotron/1.0/Windows/i386/Frameworks;
				GCC_DYNAMIC_NO_PIC = NO;
				GCC_ENABLE_CPP_EXCEPTIONS = YES;
				GCC_ENABLE_CPP_RTTI = YES;
				GCC_FAST_MATH = NO;
				GCC_GENERATE_DEBUGGING_SYMBOLS = NO;
				GCC_MODEL_TUNING = "";
				GCC_PRECOMPILE_PREFIX_HEADER = NO;
				INFOPLIST_FILE = Info.plist;
				LD_MAP_FILE_PATH = "$(TARGET_TEMP_DIR)/$(PRODUCT_NAME)-LinkMap-$(CURRENT_VARIANT)-$(CURRENT_ARCH).txt";
				MACOSX_DEPLOYMENT_TARGET = "";
				OTHER_LDFLAGS = (
					"-Wl,--enable-auto-import",
					"-mwindows",
					"-lopengl32",
					"-mconsole",
				);
				PREBINDING = NO;
				PRECOMPS_INCLUDE_HEADERS_FROM_BUILT_PRODUCTS_DIR = NO;
				PRODUCT_NAME = FractalStream;
				SCAN_ALL_SOURCE_FILES_FOR_INCLUDES = NO;
				SDKROOT = "";
				SKIP_INSTALL = NO;
				SYMROOT = build/Windows;
			};
			name = Deployment;
		};
		687AEF5B0D75C9CC00998D23 /* Default */ = {
			isa = XCBuildConfiguration;
			buildSettings = {
				ARCHS = i386;
				COPY_PHASE_STRIP = YES;
				EXECUTABLE_FOLDER_PATH = FractalStream.app/Contents/Windows;
				EXECUTABLE_SUFFIX = .exe;
				FRAMEWORK_SEARCH_PATHS = /Developer/Cocotron/1.0/Windows/i386/Frameworks;
				GCC_DYNAMIC_NO_PIC = NO;
				GCC_ENABLE_CPP_EXCEPTIONS = YES;
				GCC_ENABLE_CPP_RTTI = YES;
				GCC_FAST_MATH = NO;
				GCC_GENERATE_DEBUGGING_SYMBOLS = NO;
				GCC_MODEL_TUNING = "";
				GCC_PRECOMPILE_PREFIX_HEADER = NO;
				INFOPLIST_FILE = Info.plist;
				LD_MAP_FILE_PATH = "$(TARGET_TEMP_DIR)/$(PRODUCT_NAME)-LinkMap-$(CURRENT_VARIANT)-$(CURRENT_ARCH).txt";
				MACOSX_DEPLOYMENT_TARGET = "";
				OTHER_LDFLAGS = (
					"-Wl,--enable-auto-import",
					"-mwindows",
					"-lopengl32",
					"-mconsole",
				);
				PREBINDING = NO;
				PRECOMPS_INCLUDE_HEADERS_FROM_BUILT_PRODUCTS_DIR = NO;
				PRODUCT_NAME = FractalStream;
				SCAN_ALL_SOURCE_FILES_FOR_INCLUDES = NO;
				SDKROOT = "";
				SKIP_INSTALL = NO;
				SYMROOT = build/Windows;
			};
			name = Default;
		};
		68D7AE5A0A59B1BF0076FC20 /* Development */ = {
			isa = XCBuildConfiguration;
			buildSettings = {
				COPY_PHASE_STRIP = NO;
				GCC_ALTIVEC_EXTENSIONS = NO;
				GCC_CW_ASM_SYNTAX = YES;
				GCC_DYNAMIC_NO_PIC = NO;
				GCC_ENABLE_ASM_KEYWORD = YES;
				GCC_ENABLE_CPP_EXCEPTIONS = NO;
				GCC_ENABLE_CPP_RTTI = NO;
				GCC_ENABLE_FIX_AND_CONTINUE = YES;
				GCC_GENERATE_DEBUGGING_SYMBOLS = YES;
				GCC_INPUT_FILETYPE = automatic;
				GCC_MODEL_CPU = G4;
				GCC_MODEL_TUNING = G4;
				GCC_OPTIMIZATION_LEVEL = 3;
				GCC_PRECOMPILE_PREFIX_HEADER = YES;
				GCC_PREFIX_HEADER = FractalStream_Prefix.pch;
				INFOPLIST_FILE = Info.plist;
				INSTALL_PATH = "$(HOME)/Applications";
				LIBRARY_SEARCH_PATHS = (
					"$(inherited)",
					/opt/local/lib,
				);
				MACOSX_DEPLOYMENT_TARGET = 10.3;
				PRODUCT_NAME = FractalStream;
				WRAPPER_EXTENSION = app;
				ZERO_LINK = YES;
			};
			name = Development;
		};
		68D7AE5B0A59B1BF0076FC20 /* Deployment */ = {
			isa = XCBuildConfiguration;
			buildSettings = {
				COPY_PHASE_STRIP = YES;
				GCC_ENABLE_FIX_AND_CONTINUE = NO;
				GCC_GENERATE_DEBUGGING_SYMBOLS = NO;
				GCC_PRECOMPILE_PREFIX_HEADER = YES;
				GCC_PREFIX_HEADER = FractalStream_Prefix.pch;
				INFOPLIST_FILE = Info.plist;
				INSTALL_PATH = "$(HOME)/Applications";
				LIBRARY_SEARCH_PATHS = (
					"$(inherited)",
					/opt/local/lib,
				);
				MACOSX_DEPLOYMENT_TARGET = 10.3;
				PRODUCT_NAME = FractalStream;
				WRAPPER_EXTENSION = app;
				ZERO_LINK = NO;
			};
			name = Deployment;
		};
		68D7AE5C0A59B1BF0076FC20 /* Default */ = {
			isa = XCBuildConfiguration;
			buildSettings = {
				GCC_GENERATE_DEBUGGING_SYMBOLS = NO;
				GCC_PRECOMPILE_PREFIX_HEADER = YES;
				GCC_PREFIX_HEADER = FractalStream_Prefix.pch;
				INFOPLIST_FILE = Info.plist;
				INSTALL_PATH = "$(HOME)/Applications";
				LIBRARY_SEARCH_PATHS = (
					"$(inherited)",
					/opt/local/lib,
				);
				MACOSX_DEPLOYMENT_TARGET = 10.3;
				PRODUCT_NAME = FractalStream;
				WRAPPER_EXTENSION = app;
			};
			name = Default;
		};
		68D7AE5E0A59B1BF0076FC20 /* Development */ = {
			isa = XCBuildConfiguration;
			buildSettings = {
				ALWAYS_SEARCH_USER_PATHS = NO;
				ARCHS = (
					i386,
					ppc,
				);
				GCC_AUTO_VECTORIZATION = YES;
				GCC_ENABLE_OBJC_GC = NO;
				GCC_ENABLE_SSE3_EXTENSIONS = YES;
				GCC_FAST_MATH = NO;
				GCC_MODEL_TUNING = "";
				GCC_OPTIMIZATION_LEVEL = s;
				GCC_PREPROCESSOR_DEFINITIONS_NOT_USED_IN_PRECOMPS = (
					_STDC_LIMIT_MACROS,
					_GNU_SOURCE,
					_DEBUG,
				);
				GCC_WARN_ABOUT_RETURN_TYPE = NO;
				GCC_WARN_HIDDEN_VIRTUAL_FUNCTIONS = YES;
				GCC_WARN_UNUSED_VARIABLE = NO;
				HEADER_SEARCH_PATHS = /usr/local/include;
				LIBRARY_SEARCH_PATHS = /usr/local/lib;
				OTHER_LDFLAGS = (
					"-lpthread",
					"-lm",
					"-lLLVMCodeGen",
					"-lLLVMipo",
					"-lLLVMScalarOpts",
					"-lLLVMTransformUtils",
					"-lLLVMipa",
					"-lLLVMAnalysis",
					"-lLLVMTarget",
					"-lLLVMCore",
					"-lLLVMSupport",
					"-lLLVMSystem",
					"-lLLVMSelectionDAG",
					"-lLLVMAsmPrinter",
				);
				PREBINDING = NO;
				USER_HEADER_SEARCH_PATHS = /usr/local/include;
				ZERO_LINK = NO;
			};
			name = Development;
		};
		68D7AE5F0A59B1BF0076FC20 /* Deployment */ = {
			isa = XCBuildConfiguration;
			buildSettings = {
				ALWAYS_SEARCH_USER_PATHS = NO;
				ARCHS = (
					i386,
					ppc,
				);
				GCC_AUTO_VECTORIZATION = YES;
				GCC_ENABLE_SSE3_EXTENSIONS = YES;
				GCC_FAST_MATH = YES;
				GCC_MODEL_TUNING = "";
				GCC_OPTIMIZATION_LEVEL = s;
				GCC_PREPROCESSOR_DEFINITIONS_NOT_USED_IN_PRECOMPS = (
					_STDC_LIMIT_MACROS,
					_GNU_SOURCE,
					_DEBUG,
				);
				GCC_WARN_ABOUT_RETURN_TYPE = YES;
				GCC_WARN_HIDDEN_VIRTUAL_FUNCTIONS = YES;
				GCC_WARN_UNUSED_VARIABLE = NO;
				HEADER_SEARCH_PATHS = /usr/local/include;
				LIBRARY_SEARCH_PATHS = /usr/local/lib;
				OTHER_LDFLAGS = (
					"-lpthread",
					"-lm",
					"-lLLVMCodeGen",
					"-lLLVMipo",
					"-lLLVMScalarOpts",
					"-lLLVMTransformUtils",
					"-lLLVMipa",
					"-lLLVMAnalysis",
					"-lLLVMTarget",
					"-lLLVMCore",
					"-lLLVMSupport",
					"-lLLVMSystem",
					"-lLLVMSelectionDAG",
					"-lLLVMAsmPrinter",
				);
				PREBINDING = NO;
				PRECOMPS_INCLUDE_HEADERS_FROM_BUILT_PRODUCTS_DIR = YES;
				SCAN_ALL_SOURCE_FILES_FOR_INCLUDES = YES;
				USER_HEADER_SEARCH_PATHS = /usr/local/include;
				ZERO_LINK = NO;
			};
			name = Deployment;
		};
		68D7AE600A59B1BF0076FC20 /* Default */ = {
			isa = XCBuildConfiguration;
			buildSettings = {
				ALWAYS_SEARCH_USER_PATHS = NO;
				ARCHS = (
					i386,
					ppc,
				);
				GCC_AUTO_VECTORIZATION = YES;
				GCC_ENABLE_SSE3_EXTENSIONS = YES;
				GCC_INPUT_FILETYPE = automatic;
				GCC_MODEL_TUNING = "";
				GCC_OPTIMIZATION_LEVEL = 3;
				GCC_PREPROCESSOR_DEFINITIONS_NOT_USED_IN_PRECOMPS = (
					_STDC_LIMIT_MACROS,
					_GNU_SOURCE,
					_DEBUG,
				);
				GCC_WARN_ABOUT_RETURN_TYPE = YES;
				GCC_WARN_HIDDEN_VIRTUAL_FUNCTIONS = YES;
				GCC_WARN_UNUSED_VARIABLE = NO;
				HEADER_SEARCH_PATHS = /usr/local/include;
				LIBRARY_SEARCH_PATHS = /usr/local/lib;
				MACOSX_DEPLOYMENT_TARGET = 10.5;
				OTHER_LDFLAGS = (
					"-lpthread",
					"-lm",
					"-lLLVMCodeGen",
					"-lLLVMipo",
					"-lLLVMScalarOpts",
					"-lLLVMTransformUtils",
					"-lLLVMipa",
					"-lLLVMAnalysis",
					"-lLLVMTarget",
					"-lLLVMCore",
					"-lLLVMSupport",
					"-lLLVMSystem",
					"-lLLVMSelectionDAG",
					"-lLLVMAsmPrinter",
				);
				PREBINDING = NO;
				PRECOMPS_INCLUDE_HEADERS_FROM_BUILT_PRODUCTS_DIR = YES;
				SCAN_ALL_SOURCE_FILES_FOR_INCLUDES = YES;
				SDKROOT = /Developer/SDKs/MacOSX10.5.sdk;
				USER_HEADER_SEARCH_PATHS = /usr/local/include;
				ZERO_LINK = NO;
			};
			name = Default;
		};
/* End XCBuildConfiguration section */

/* Begin XCConfigurationList section */
		687AEF580D75C9CC00998D23 /* Build configuration list for PBXNativeTarget "FractalStream-Windows" */ = {
			isa = XCConfigurationList;
			buildConfigurations = (
				687AEF590D75C9CC00998D23 /* Development */,
				687AEF5A0D75C9CC00998D23 /* Deployment */,
				687AEF5B0D75C9CC00998D23 /* Default */,
			);
			defaultConfigurationIsVisible = 0;
			defaultConfigurationName = Default;
		};
		68D7AE590A59B1BF0076FC20 /* Build configuration list for PBXNativeTarget "FractalStream" */ = {
			isa = XCConfigurationList;
			buildConfigurations = (
				68D7AE5A0A59B1BF0076FC20 /* Development */,
				68D7AE5B0A59B1BF0076FC20 /* Deployment */,
				68D7AE5C0A59B1BF0076FC20 /* Default */,
			);
			defaultConfigurationIsVisible = 0;
			defaultConfigurationName = Default;
		};
		68D7AE5D0A59B1BF0076FC20 /* Build configuration list for PBXProject "FractalStream" */ = {
			isa = XCConfigurationList;
			buildConfigurations = (
				68D7AE5E0A59B1BF0076FC20 /* Development */,
				68D7AE5F0A59B1BF0076FC20 /* Deployment */,
				68D7AE600A59B1BF0076FC20 /* Default */,
			);
			defaultConfigurationIsVisible = 0;
			defaultConfigurationName = Default;
		};
/* End XCConfigurationList section */
	};
	rootObject = 2A37F4A9FDCFA73011CA2CEA /* Project object */;
}
