// !$*UTF8*$!
{
	archiveVersion = 1;
	classes = {
	};
	objectVersion = 45;
	objects = {

/* Begin PBXBuildFile section */
		6802822D10AB17CF0077048E /* FSPanel.m in Sources */ = {isa = PBXBuildFile; fileRef = 6802822C10AB17CF0077048E /* FSPanel.m */; };
		6802824710AB1A060077048E /* FSDocument.xib in Resources */ = {isa = PBXBuildFile; fileRef = 6802824310AB1A060077048E /* FSDocument.xib */; };
		6802824810AB1A060077048E /* MainMenu.xib in Resources */ = {isa = PBXBuildFile; fileRef = 6802824510AB1A060077048E /* MainMenu.xib */; };
		6802828F10ABC1C30077048E /* henonc.fs in Copy Files (Hénon Map) */ = {isa = PBXBuildFile; fileRef = 681AF1AD0F699B8F00E8DE1B /* henonc.fs */; };
		6802829010ABC1C30077048E /* henona.fs in Copy Files (Hénon Map) */ = {isa = PBXBuildFile; fileRef = 681AF1AE0F699B8F00E8DE1B /* henona.fs */; };
		6816EB7F10B1CCBC00B01D0E /* mandelbrot.icns in Resources */ = {isa = PBXBuildFile; fileRef = 6816EB7E10B1CCBC00B01D0E /* mandelbrot.icns */; };
		681AF1470F699AF900E8DE1B /* FSScriptLibraryController.m in Sources */ = {isa = PBXBuildFile; fileRef = 681AF1120F699AF900E8DE1B /* FSScriptLibraryController.m */; };
		681AF1480F699AF900E8DE1B /* FSColorLibraryController.m in Sources */ = {isa = PBXBuildFile; fileRef = 681AF1140F699AF900E8DE1B /* FSColorLibraryController.m */; };
		681AF1490F699AF900E8DE1B /* FSColorWidget.m in Sources */ = {isa = PBXBuildFile; fileRef = 681AF1180F699AF900E8DE1B /* FSColorWidget.m */; };
		681AF14A0F699AF900E8DE1B /* FSDocument.m in Sources */ = {isa = PBXBuildFile; fileRef = 681AF11B0F699AF900E8DE1B /* FSDocument.m */; };
		681AF14B0F699AF900E8DE1B /* FSSave.m in Sources */ = {isa = PBXBuildFile; fileRef = 681AF11D0F699AF900E8DE1B /* FSSave.m */; };
		681AF14C0F699AF900E8DE1B /* FSSession.m in Sources */ = {isa = PBXBuildFile; fileRef = 681AF11F0F699AF900E8DE1B /* FSSession.m */; };
		681AF14D0F699AF900E8DE1B /* FSBrowser.m in Sources */ = {isa = PBXBuildFile; fileRef = 681AF1210F699AF900E8DE1B /* FSBrowser.m */; };
		681AF14E0F699AF900E8DE1B /* FSEParseTree.m in Sources */ = {isa = PBXBuildFile; fileRef = 681AF1260F699AF900E8DE1B /* FSEParseTree.m */; };
		681AF14F0F699AF900E8DE1B /* FSECompiler.m in Sources */ = {isa = PBXBuildFile; fileRef = 681AF1280F699AF900E8DE1B /* FSECompiler.m */; };
		681AF1510F699AF900E8DE1B /* FSEController.m in Sources */ = {isa = PBXBuildFile; fileRef = 681AF12C0F699AF900E8DE1B /* FSEController.m */; };
		681AF1520F699AF900E8DE1B /* FSKernel.mm in Sources */ = {isa = PBXBuildFile; fileRef = 681AF12E0F699AF900E8DE1B /* FSKernel.mm */; };
		681AF1530F699AF900E8DE1B /* FSJitter.mm in Sources */ = {isa = PBXBuildFile; fileRef = 681AF1300F699AF900E8DE1B /* FSJitter.mm */; };
		681AF1540F699AF900E8DE1B /* FSCursors.m in Sources */ = {isa = PBXBuildFile; fileRef = 681AF1370F699AF900E8DE1B /* FSCursors.m */; };
		681AF1550F699AF900E8DE1B /* FSTools.m in Sources */ = {isa = PBXBuildFile; fileRef = 681AF1390F699AF900E8DE1B /* FSTools.m */; };
		681AF1560F699AF900E8DE1B /* FSRenderer.m in Sources */ = {isa = PBXBuildFile; fileRef = 681AF13B0F699AF900E8DE1B /* FSRenderer.m */; };
		681AF1570F699AF900E8DE1B /* FSViewer.m in Sources */ = {isa = PBXBuildFile; fileRef = 681AF13D0F699AF900E8DE1B /* FSViewer.m */; };
		681AF1580F699AF900E8DE1B /* FSRenderOperation.m in Sources */ = {isa = PBXBuildFile; fileRef = 681AF1400F699AF900E8DE1B /* FSRenderOperation.m */; };
		681AF1590F699AF900E8DE1B /* FSColorizer.m in Sources */ = {isa = PBXBuildFile; fileRef = 681AF1420F699AF900E8DE1B /* FSColorizer.m */; };
		681AF15A0F699AF900E8DE1B /* FSColorOperation.m in Sources */ = {isa = PBXBuildFile; fileRef = 681AF1440F699AF900E8DE1B /* FSColorOperation.m */; };
		681AF15B0F699AF900E8DE1B /* FSThreading.m in Sources */ = {isa = PBXBuildFile; fileRef = 681AF1460F699AF900E8DE1B /* FSThreading.m */; };
		681AF15E0F699B2A00E8DE1B /* FSStartup.m in Sources */ = {isa = PBXBuildFile; fileRef = 681AF15D0F699B2A00E8DE1B /* FSStartup.m */; };
		681AF1AF0F699B8F00E8DE1B /* henonc.fs in Resources */ = {isa = PBXBuildFile; fileRef = 681AF1AD0F699B8F00E8DE1B /* henonc.fs */; };
		681AF1B00F699B8F00E8DE1B /* henona.fs in Resources */ = {isa = PBXBuildFile; fileRef = 681AF1AE0F699B8F00E8DE1B /* henona.fs */; };
		681AF1B70F699BCC00E8DE1B /* julia.icns in Resources */ = {isa = PBXBuildFile; fileRef = 681AF1B60F699BCC00E8DE1B /* julia.icns */; };
		681AF1FB0F69A8DE00E8DE1B /* nqsle.fs in Copy Files (Differential Eqns) */ = {isa = PBXBuildFile; fileRef = 681AF1920F699B3900E8DE1B /* nqsle.fs */; };
		681AF1FC0F69A8DE00E8DE1B /* pend.fs in Copy Files (Differential Eqns) */ = {isa = PBXBuildFile; fileRef = 681AF1930F699B3900E8DE1B /* pend.fs */; };
		681AF1FE0F69A90A00E8DE1B /* auto.fs in Copy Files (Newton's Method) */ = {isa = PBXBuildFile; fileRef = 681AF1950F699B3900E8DE1B /* auto.fs */; };
		681AF1FF0F69A90A00E8DE1B /* mandbr.fs in Copy Files (Newton's Method) */ = {isa = PBXBuildFile; fileRef = 681AF1960F699B3900E8DE1B /* mandbr.fs */; };
		681AF2000F69A90A00E8DE1B /* z3-1.fs in Copy Files (Newton's Method) */ = {isa = PBXBuildFile; fileRef = 681AF1970F699B3900E8DE1B /* z3-1.fs */; };
		681AF2040F69A94E00E8DE1B /* torus.fs in Copy Files (Other) */ = {isa = PBXBuildFile; fileRef = 681AF1990F699B3900E8DE1B /* torus.fs */; };
		681AF2050F69A94E00E8DE1B /* mathieu.fs in Copy Files (Other) */ = {isa = PBXBuildFile; fileRef = 681AF19A0F699B3900E8DE1B /* mathieu.fs */; };
		681AF2070F69A96500E8DE1B /* tricorn.fs in Copy Files (Quadratic Maps) */ = {isa = PBXBuildFile; fileRef = 681AF19C0F699B3900E8DE1B /* tricorn.fs */; };
		681AF2080F69A96500E8DE1B /* ab.fs in Copy Files (Quadratic Maps) */ = {isa = PBXBuildFile; fileRef = 681AF19D0F699B3900E8DE1B /* ab.fs */; };
		681AF2090F69A96500E8DE1B /* boundary.fs in Copy Files (Quadratic Maps) */ = {isa = PBXBuildFile; fileRef = 681AF19E0F699B3900E8DE1B /* boundary.fs */; };
		681AF20A0F69A96500E8DE1B /* extern.fs in Copy Files (Quadratic Maps) */ = {isa = PBXBuildFile; fileRef = 681AF19F0F699B3900E8DE1B /* extern.fs */; };
		681AF20B0F69A96500E8DE1B /* Julia.fs in Copy Files (Quadratic Maps) */ = {isa = PBXBuildFile; fileRef = 681AF1A00F699B3900E8DE1B /* Julia.fs */; };
		681AF20C0F69A96500E8DE1B /* Mandelbrot.fs in Copy Files (Quadratic Maps) */ = {isa = PBXBuildFile; fileRef = 681AF1A10F699B3900E8DE1B /* Mandelbrot.fs */; };
		681AF20D0F69A96500E8DE1B /* precrit.fs in Copy Files (Quadratic Maps) */ = {isa = PBXBuildFile; fileRef = 681AF1A20F699B3900E8DE1B /* precrit.fs */; };
		681AF20E0F69A96500E8DE1B /* ext.fs in Copy Files (Quadratic Maps) */ = {isa = PBXBuildFile; fileRef = 681AF1A30F699B3900E8DE1B /* ext.fs */; };
		681AF20F0F69A96500E8DE1B /* tiles.fs in Copy Files (Quadratic Maps) */ = {isa = PBXBuildFile; fileRef = 681AF1A40F699B3900E8DE1B /* tiles.fs */; };
		681AF2110F69A99600E8DE1B /* except.fs in Copy Files (Several Complex Variables) */ = {isa = PBXBuildFile; fileRef = 681AF1A60F699B3900E8DE1B /* except.fs */; };
		681AF2130F69A9BC00E8DE1B /* arcsin.fs in Copy Files (Transcendental Dynamics) */ = {isa = PBXBuildFile; fileRef = 681AF1A80F699B3900E8DE1B /* arcsin.fs */; };
		681AF2140F69A9BC00E8DE1B /* arcsinp1.fs in Copy Files (Transcendental Dynamics) */ = {isa = PBXBuildFile; fileRef = 681AF1A90F699B3900E8DE1B /* arcsinp1.fs */; };
		681AF2150F69A9BC00E8DE1B /* exp.fs in Copy Files (Transcendental Dynamics) */ = {isa = PBXBuildFile; fileRef = 681AF1AA0F699B3900E8DE1B /* exp.fs */; };
		681AF4C50F6CCE8000E8DE1B /* FSFullscreenWindow.m in Sources */ = {isa = PBXBuildFile; fileRef = 681AF4C40F6CCE8000E8DE1B /* FSFullscreenWindow.m */; };
		683942D010B39DEB00A6A993 /* FSDocument-windows.xib in Resources */ = {isa = PBXBuildFile; fileRef = 683942CC10B39DEB00A6A993 /* FSDocument-windows.xib */; };
		683942D110B39DEB00A6A993 /* MainMenu-windows.xib in Resources */ = {isa = PBXBuildFile; fileRef = 683942CE10B39DEB00A6A993 /* MainMenu-windows.xib */; };
		683CAB330FD787500071EEAB /* Credits.rtf in Resources */ = {isa = PBXBuildFile; fileRef = 2A37F4B9FDCFA73011CA2CEA /* Credits.rtf */; };
		683CAB340FD787500071EEAB /* InfoPlist.strings in Resources */ = {isa = PBXBuildFile; fileRef = 089C165FFE840EACC02AAC07 /* InfoPlist.strings */; };
		683CAB370FD787500071EEAB /* henonc.fs in Resources */ = {isa = PBXBuildFile; fileRef = 681AF1AD0F699B8F00E8DE1B /* henonc.fs */; };
		683CAB380FD787500071EEAB /* henona.fs in Resources */ = {isa = PBXBuildFile; fileRef = 681AF1AE0F699B8F00E8DE1B /* henona.fs */; };
		683CAB390FD787500071EEAB /* julia.icns in Resources */ = {isa = PBXBuildFile; fileRef = 681AF1B60F699BCC00E8DE1B /* julia.icns */; };
		683CAB3B0FD787500071EEAB /* main.m in Sources */ = {isa = PBXBuildFile; fileRef = 2A37F4B0FDCFA73011CA2CEA /* main.m */; settings = {ATTRIBUTES = (); }; };
		683CAB3C0FD787500071EEAB /* FSScriptLibraryController.m in Sources */ = {isa = PBXBuildFile; fileRef = 681AF1120F699AF900E8DE1B /* FSScriptLibraryController.m */; };
		683CAB3D0FD787500071EEAB /* FSColorLibraryController.m in Sources */ = {isa = PBXBuildFile; fileRef = 681AF1140F699AF900E8DE1B /* FSColorLibraryController.m */; };
		683CAB3E0FD787500071EEAB /* FSColorWidget.m in Sources */ = {isa = PBXBuildFile; fileRef = 681AF1180F699AF900E8DE1B /* FSColorWidget.m */; };
		683CAB3F0FD787500071EEAB /* FSDocument.m in Sources */ = {isa = PBXBuildFile; fileRef = 681AF11B0F699AF900E8DE1B /* FSDocument.m */; };
		683CAB400FD787500071EEAB /* FSSave.m in Sources */ = {isa = PBXBuildFile; fileRef = 681AF11D0F699AF900E8DE1B /* FSSave.m */; };
		683CAB410FD787500071EEAB /* FSSession.m in Sources */ = {isa = PBXBuildFile; fileRef = 681AF11F0F699AF900E8DE1B /* FSSession.m */; };
		683CAB420FD787500071EEAB /* FSBrowser.m in Sources */ = {isa = PBXBuildFile; fileRef = 681AF1210F699AF900E8DE1B /* FSBrowser.m */; };
		683CAB430FD787500071EEAB /* FSEParseTree.m in Sources */ = {isa = PBXBuildFile; fileRef = 681AF1260F699AF900E8DE1B /* FSEParseTree.m */; };
		683CAB440FD787500071EEAB /* FSECompiler.m in Sources */ = {isa = PBXBuildFile; fileRef = 681AF1280F699AF900E8DE1B /* FSECompiler.m */; };
		683CAB460FD787500071EEAB /* FSEController.m in Sources */ = {isa = PBXBuildFile; fileRef = 681AF12C0F699AF900E8DE1B /* FSEController.m */; };
		683CAB470FD787500071EEAB /* FSKernel.mm in Sources */ = {isa = PBXBuildFile; fileRef = 681AF12E0F699AF900E8DE1B /* FSKernel.mm */; };
		683CAB480FD787500071EEAB /* FSJitter.mm in Sources */ = {isa = PBXBuildFile; fileRef = 681AF1300F699AF900E8DE1B /* FSJitter.mm */; };
		683CAB490FD787500071EEAB /* FSCursors.m in Sources */ = {isa = PBXBuildFile; fileRef = 681AF1370F699AF900E8DE1B /* FSCursors.m */; };
		683CAB4A0FD787500071EEAB /* FSTools.m in Sources */ = {isa = PBXBuildFile; fileRef = 681AF1390F699AF900E8DE1B /* FSTools.m */; };
		683CAB4B0FD787500071EEAB /* FSRenderer.m in Sources */ = {isa = PBXBuildFile; fileRef = 681AF13B0F699AF900E8DE1B /* FSRenderer.m */; };
		683CAB4C0FD787500071EEAB /* FSViewer.m in Sources */ = {isa = PBXBuildFile; fileRef = 681AF13D0F699AF900E8DE1B /* FSViewer.m */; };
		683CAB4D0FD787500071EEAB /* FSRenderOperation.m in Sources */ = {isa = PBXBuildFile; fileRef = 681AF1400F699AF900E8DE1B /* FSRenderOperation.m */; };
		683CAB4E0FD787500071EEAB /* FSColorizer.m in Sources */ = {isa = PBXBuildFile; fileRef = 681AF1420F699AF900E8DE1B /* FSColorizer.m */; };
		683CAB4F0FD787500071EEAB /* FSColorOperation.m in Sources */ = {isa = PBXBuildFile; fileRef = 681AF1440F699AF900E8DE1B /* FSColorOperation.m */; };
		683CAB500FD787500071EEAB /* FSThreading.m in Sources */ = {isa = PBXBuildFile; fileRef = 681AF1460F699AF900E8DE1B /* FSThreading.m */; };
		683CAB510FD787500071EEAB /* FSStartup.m in Sources */ = {isa = PBXBuildFile; fileRef = 681AF15D0F699B2A00E8DE1B /* FSStartup.m */; };
		683CAB520FD787500071EEAB /* FSFullscreenWindow.m in Sources */ = {isa = PBXBuildFile; fileRef = 681AF4C40F6CCE8000E8DE1B /* FSFullscreenWindow.m */; };
		683CAB530FD787500071EEAB /* FSCustomDataManager.m in Sources */ = {isa = PBXBuildFile; fileRef = 68605DB70F6DCEE500189C8C /* FSCustomDataManager.m */; };
		683CAB570FD787500071EEAB /* Cocoa.framework in Frameworks */ = {isa = PBXBuildFile; fileRef = 1058C7A7FEA54F5311CA2CBB /* Cocoa.framework */; };
		683CAB7A0FD787500071EEAB /* nqsle.fs in Copy Files (Differential Eqns) */ = {isa = PBXBuildFile; fileRef = 681AF1920F699B3900E8DE1B /* nqsle.fs */; };
		683CAB7B0FD787500071EEAB /* pend.fs in Copy Files (Differential Eqns) */ = {isa = PBXBuildFile; fileRef = 681AF1930F699B3900E8DE1B /* pend.fs */; };
		683CAB7D0FD787500071EEAB /* auto.fs in Copy Files (Newton's Method) */ = {isa = PBXBuildFile; fileRef = 681AF1950F699B3900E8DE1B /* auto.fs */; };
		683CAB7E0FD787500071EEAB /* mandbr.fs in Copy Files (Newton's Method) */ = {isa = PBXBuildFile; fileRef = 681AF1960F699B3900E8DE1B /* mandbr.fs */; };
		683CAB7F0FD787500071EEAB /* z3-1.fs in Copy Files (Newton's Method) */ = {isa = PBXBuildFile; fileRef = 681AF1970F699B3900E8DE1B /* z3-1.fs */; };
		683CAB810FD787500071EEAB /* torus.fs in Copy Files (Other) */ = {isa = PBXBuildFile; fileRef = 681AF1990F699B3900E8DE1B /* torus.fs */; };
		683CAB820FD787500071EEAB /* mathieu.fs in Copy Files (Other) */ = {isa = PBXBuildFile; fileRef = 681AF19A0F699B3900E8DE1B /* mathieu.fs */; };
		683CAB840FD787500071EEAB /* tricorn.fs in Copy Files (Quadratic Maps) */ = {isa = PBXBuildFile; fileRef = 681AF19C0F699B3900E8DE1B /* tricorn.fs */; };
		683CAB850FD787500071EEAB /* ab.fs in Copy Files (Quadratic Maps) */ = {isa = PBXBuildFile; fileRef = 681AF19D0F699B3900E8DE1B /* ab.fs */; };
		683CAB860FD787500071EEAB /* boundary.fs in Copy Files (Quadratic Maps) */ = {isa = PBXBuildFile; fileRef = 681AF19E0F699B3900E8DE1B /* boundary.fs */; };
		683CAB870FD787500071EEAB /* extern.fs in Copy Files (Quadratic Maps) */ = {isa = PBXBuildFile; fileRef = 681AF19F0F699B3900E8DE1B /* extern.fs */; };
		683CAB880FD787500071EEAB /* Julia.fs in Copy Files (Quadratic Maps) */ = {isa = PBXBuildFile; fileRef = 681AF1A00F699B3900E8DE1B /* Julia.fs */; };
		683CAB890FD787500071EEAB /* Mandelbrot.fs in Copy Files (Quadratic Maps) */ = {isa = PBXBuildFile; fileRef = 681AF1A10F699B3900E8DE1B /* Mandelbrot.fs */; };
		683CAB8A0FD787500071EEAB /* precrit.fs in Copy Files (Quadratic Maps) */ = {isa = PBXBuildFile; fileRef = 681AF1A20F699B3900E8DE1B /* precrit.fs */; };
		683CAB8B0FD787500071EEAB /* ext.fs in Copy Files (Quadratic Maps) */ = {isa = PBXBuildFile; fileRef = 681AF1A30F699B3900E8DE1B /* ext.fs */; };
		683CAB8C0FD787500071EEAB /* tiles.fs in Copy Files (Quadratic Maps) */ = {isa = PBXBuildFile; fileRef = 681AF1A40F699B3900E8DE1B /* tiles.fs */; };
		683CAB8E0FD787500071EEAB /* except.fs in Copy Files (Several Complex Variables) */ = {isa = PBXBuildFile; fileRef = 681AF1A60F699B3900E8DE1B /* except.fs */; };
		683CAB900FD787500071EEAB /* arcsin.fs in Copy Files (Transcendental Dynamics) */ = {isa = PBXBuildFile; fileRef = 681AF1A80F699B3900E8DE1B /* arcsin.fs */; };
		683CAB910FD787500071EEAB /* arcsinp1.fs in Copy Files (Transcendental Dynamics) */ = {isa = PBXBuildFile; fileRef = 681AF1A90F699B3900E8DE1B /* arcsinp1.fs */; };
		683CAB920FD787500071EEAB /* exp.fs in Copy Files (Transcendental Dynamics) */ = {isa = PBXBuildFile; fileRef = 681AF1AA0F699B3900E8DE1B /* exp.fs */; };
		68411693100306F000C5323F /* FSColor.m in Sources */ = {isa = PBXBuildFile; fileRef = 68411692100306F000C5323F /* FSColor.m */; };
		68605DB80F6DCEE500189C8C /* FSCustomDataManager.m in Sources */ = {isa = PBXBuildFile; fileRef = 68605DB70F6DCEE500189C8C /* FSCustomDataManager.m */; };
		688F109A0FD9BED700FAFC60 /* AppKit.framework in Frameworks */ = {isa = PBXBuildFile; fileRef = 2A37F4C4FDCFA73011CA2CEA /* AppKit.framework */; };
		688F109B0FD9BED700FAFC60 /* Foundation.framework in Frameworks */ = {isa = PBXBuildFile; fileRef = 2A37F4C5FDCFA73011CA2CEA /* Foundation.framework */; };
		68A3108A10B3B78E0019C1F8 /* Info.plist in Resources */ = {isa = PBXBuildFile; fileRef = 8D15AC360486D014006FF6A4 /* Info.plist */; };
		68A3108B10B3B79D0019C1F8 /* mandelbrot.icns in Resources */ = {isa = PBXBuildFile; fileRef = 6816EB7E10B1CCBC00B01D0E /* mandelbrot.icns */; };
		68A3108C10B3B79D0019C1F8 /* FSDocument.xib in Resources */ = {isa = PBXBuildFile; fileRef = 6802824310AB1A060077048E /* FSDocument.xib */; };
		68A3108D10B3B79D0019C1F8 /* MainMenu.xib in Resources */ = {isa = PBXBuildFile; fileRef = 6802824510AB1A060077048E /* MainMenu.xib */; };
		68A3108E10B3B79D0019C1F8 /* FSDocument-windows.xib in Resources */ = {isa = PBXBuildFile; fileRef = 683942CC10B39DEB00A6A993 /* FSDocument-windows.xib */; };
		68A3108F10B3B79D0019C1F8 /* MainMenu-windows.xib in Resources */ = {isa = PBXBuildFile; fileRef = 683942CE10B39DEB00A6A993 /* MainMenu-windows.xib */; };
		68A3109010B3B79D0019C1F8 /* Info.plist in Resources */ = {isa = PBXBuildFile; fileRef = 8D15AC360486D014006FF6A4 /* Info.plist */; };
		68A310C610B3C1040019C1F8 /* FSPanel.m in Sources */ = {isa = PBXBuildFile; fileRef = 6802822C10AB17CF0077048E /* FSPanel.m */; };
		68AF3AA51049EB7600967604 /* FSColor.m in Sources */ = {isa = PBXBuildFile; fileRef = 68411692100306F000C5323F /* FSColor.m */; };
		68CB40A81065EA5E0005403B /* LLVMExecutionEngine.o in Frameworks */ = {isa = PBXBuildFile; fileRef = 681AF1B90F699DEA00E8DE1B /* LLVMExecutionEngine.o */; };
		68CB40A91065EA5E0005403B /* LLVMJIT.o in Frameworks */ = {isa = PBXBuildFile; fileRef = 681AF1BA0F699DEA00E8DE1B /* LLVMJIT.o */; };
		68CB40AA1065EA5E0005403B /* LLVMPowerPCAsmPrinter.o in Frameworks */ = {isa = PBXBuildFile; fileRef = 681AF1BB0F699DEA00E8DE1B /* LLVMPowerPCAsmPrinter.o */; };
		68CB40AB1065EA5E0005403B /* LLVMPowerPCCodeGen.o in Frameworks */ = {isa = PBXBuildFile; fileRef = 681AF1BC0F699DEA00E8DE1B /* LLVMPowerPCCodeGen.o */; };
		68CB40AC1065EA5E0005403B /* LLVMX86AsmPrinter.o in Frameworks */ = {isa = PBXBuildFile; fileRef = 681AF1BD0F699DEA00E8DE1B /* LLVMX86AsmPrinter.o */; };
		68CB40AD1065EA5E0005403B /* LLVMX86CodeGen.o in Frameworks */ = {isa = PBXBuildFile; fileRef = 681AF1BE0F699DEA00E8DE1B /* LLVMX86CodeGen.o */; };
		8D15AC2C0486D014006FF6A4 /* Credits.rtf in Resources */ = {isa = PBXBuildFile; fileRef = 2A37F4B9FDCFA73011CA2CEA /* Credits.rtf */; };
		8D15AC2F0486D014006FF6A4 /* InfoPlist.strings in Resources */ = {isa = PBXBuildFile; fileRef = 089C165FFE840EACC02AAC07 /* InfoPlist.strings */; };
		8D15AC320486D014006FF6A4 /* main.m in Sources */ = {isa = PBXBuildFile; fileRef = 2A37F4B0FDCFA73011CA2CEA /* main.m */; settings = {ATTRIBUTES = (); }; };
		8D15AC340486D014006FF6A4 /* Cocoa.framework in Frameworks */ = {isa = PBXBuildFile; fileRef = 1058C7A7FEA54F5311CA2CBB /* Cocoa.framework */; };
/* End PBXBuildFile section */

/* Begin PBXBuildRule section */
		683CAB9D0FD7878C0071EEAB /* PBXBuildRule */ = {
			isa = PBXBuildRule;
			compilerSpec = org.cocotron.1.0.windows.i386.gcc.default;
			fileType = sourcecode.cpp;
			isEditable = 1;
			outputFiles = (
			);
		};
		683CAB9E0FD7878C0071EEAB /* PBXBuildRule */ = {
			isa = PBXBuildRule;
			compilerSpec = org.cocotron.1.0.windows.i386.gcc.default;
			fileType = sourcecode.c;
			isEditable = 1;
			outputFiles = (
			);
		};
/* End PBXBuildRule section */

/* Begin PBXCopyFilesBuildPhase section */
		6802828E10ABC1900077048E /* Copy Files (Hénon Map) */ = {
			isa = PBXCopyFilesBuildPhase;
			buildActionMask = 2147483647;
			dstPath = "Scripts/Hénon Map";
			dstSubfolderSpec = 13;
			files = (
				6802828F10ABC1C30077048E /* henonc.fs in Copy Files (Hénon Map) */,
				6802829010ABC1C30077048E /* henona.fs in Copy Files (Hénon Map) */,
			);
			name = "Copy Files (Hénon Map)";
			runOnlyForDeploymentPostprocessing = 0;
		};
		681AF1F90F69A8C900E8DE1B /* Copy Files (Scripts) */ = {
			isa = PBXCopyFilesBuildPhase;
			buildActionMask = 2147483647;
			dstPath = Scripts;
			dstSubfolderSpec = 13;
			files = (
			);
			name = "Copy Files (Scripts)";
			runOnlyForDeploymentPostprocessing = 0;
		};
		681AF1FA0F69A8C900E8DE1B /* Copy Files (Differential Eqns) */ = {
			isa = PBXCopyFilesBuildPhase;
			buildActionMask = 2147483647;
			comments = "Differential Equations\n";
			dstPath = "Scripts/Differential Equations";
			dstSubfolderSpec = 13;
			files = (
				681AF1FB0F69A8DE00E8DE1B /* nqsle.fs in Copy Files (Differential Eqns) */,
				681AF1FC0F69A8DE00E8DE1B /* pend.fs in Copy Files (Differential Eqns) */,
			);
			name = "Copy Files (Differential Eqns)";
			runOnlyForDeploymentPostprocessing = 0;
		};
		681AF2020F69A93600E8DE1B /* Copy Files (Newton's Method) */ = {
			isa = PBXCopyFilesBuildPhase;
			buildActionMask = 2147483647;
			dstPath = "Scripts/Newton's Method";
			dstSubfolderSpec = 13;
			files = (
				681AF1FE0F69A90A00E8DE1B /* auto.fs in Copy Files (Newton's Method) */,
				681AF1FF0F69A90A00E8DE1B /* mandbr.fs in Copy Files (Newton's Method) */,
				681AF2000F69A90A00E8DE1B /* z3-1.fs in Copy Files (Newton's Method) */,
			);
			name = "Copy Files (Newton's Method)";
			runOnlyForDeploymentPostprocessing = 0;
		};
		681AF2030F69A93600E8DE1B /* Copy Files (Other) */ = {
			isa = PBXCopyFilesBuildPhase;
			buildActionMask = 2147483647;
			dstPath = Scripts/Other;
			dstSubfolderSpec = 13;
			files = (
				681AF2040F69A94E00E8DE1B /* torus.fs in Copy Files (Other) */,
				681AF2050F69A94E00E8DE1B /* mathieu.fs in Copy Files (Other) */,
			);
			name = "Copy Files (Other)";
			runOnlyForDeploymentPostprocessing = 0;
		};
		681AF2490F69A9CF00E8DE1B /* Copy Files (Quadratic Maps) */ = {
			isa = PBXCopyFilesBuildPhase;
			buildActionMask = 2147483647;
			dstPath = "Scripts/Quadratic Maps";
			dstSubfolderSpec = 13;
			files = (
				681AF2070F69A96500E8DE1B /* tricorn.fs in Copy Files (Quadratic Maps) */,
				681AF2080F69A96500E8DE1B /* ab.fs in Copy Files (Quadratic Maps) */,
				681AF2090F69A96500E8DE1B /* boundary.fs in Copy Files (Quadratic Maps) */,
				681AF20A0F69A96500E8DE1B /* extern.fs in Copy Files (Quadratic Maps) */,
				681AF20B0F69A96500E8DE1B /* Julia.fs in Copy Files (Quadratic Maps) */,
				681AF20C0F69A96500E8DE1B /* Mandelbrot.fs in Copy Files (Quadratic Maps) */,
				681AF20D0F69A96500E8DE1B /* precrit.fs in Copy Files (Quadratic Maps) */,
				681AF20E0F69A96500E8DE1B /* ext.fs in Copy Files (Quadratic Maps) */,
				681AF20F0F69A96500E8DE1B /* tiles.fs in Copy Files (Quadratic Maps) */,
			);
			name = "Copy Files (Quadratic Maps)";
			runOnlyForDeploymentPostprocessing = 0;
		};
		681AF24A0F69A9CF00E8DE1B /* Copy Files (Several Complex Variables) */ = {
			isa = PBXCopyFilesBuildPhase;
			buildActionMask = 2147483647;
			dstPath = "Scripts/Several Complex Variables";
			dstSubfolderSpec = 13;
			files = (
				681AF2110F69A99600E8DE1B /* except.fs in Copy Files (Several Complex Variables) */,
			);
			name = "Copy Files (Several Complex Variables)";
			runOnlyForDeploymentPostprocessing = 0;
		};
		681AF24B0F69A9CF00E8DE1B /* Copy Files (Transcendental Dynamics) */ = {
			isa = PBXCopyFilesBuildPhase;
			buildActionMask = 2147483647;
			dstPath = "Scripts/Transcendental Dynamics";
			dstSubfolderSpec = 13;
			files = (
				681AF2130F69A9BC00E8DE1B /* arcsin.fs in Copy Files (Transcendental Dynamics) */,
				681AF2140F69A9BC00E8DE1B /* arcsinp1.fs in Copy Files (Transcendental Dynamics) */,
				681AF2150F69A9BC00E8DE1B /* exp.fs in Copy Files (Transcendental Dynamics) */,
			);
			name = "Copy Files (Transcendental Dynamics)";
			runOnlyForDeploymentPostprocessing = 0;
		};
		681AF27A0F69C44100E8DE1B /* Copy Files (Colors) */ = {
			isa = PBXCopyFilesBuildPhase;
			buildActionMask = 2147483647;
			dstPath = Colors;
			dstSubfolderSpec = 13;
			files = (
			);
			name = "Copy Files (Colors)";
			runOnlyForDeploymentPostprocessing = 0;
		};
		681AF3210F6BFC3200E8DE1B /* Copy Files (Tools) */ = {
			isa = PBXCopyFilesBuildPhase;
			buildActionMask = 2147483647;
			dstPath = Tools;
			dstSubfolderSpec = 13;
			files = (
			);
			name = "Copy Files (Tools)";
			runOnlyForDeploymentPostprocessing = 0;
		};
		683CAB550FD787500071EEAB /* Copy Files (Tools) */ = {
			isa = PBXCopyFilesBuildPhase;
			buildActionMask = 2147483647;
			dstPath = Tools;
			dstSubfolderSpec = 13;
			files = (
			);
			name = "Copy Files (Tools)";
			runOnlyForDeploymentPostprocessing = 0;
		};
		683CAB5E0FD787500071EEAB /* Copy Files (Scripts) */ = {
			isa = PBXCopyFilesBuildPhase;
			buildActionMask = 2147483647;
			dstPath = Scripts;
			dstSubfolderSpec = 13;
			files = (
			);
			name = "Copy Files (Scripts)";
			runOnlyForDeploymentPostprocessing = 0;
		};
		683CAB5F0FD787500071EEAB /* Copy Files (Colors) */ = {
			isa = PBXCopyFilesBuildPhase;
			buildActionMask = 2147483647;
			dstPath = Colors;
			dstSubfolderSpec = 13;
			files = (
			);
			name = "Copy Files (Colors)";
			runOnlyForDeploymentPostprocessing = 0;
		};
		683CAB790FD787500071EEAB /* Copy Files (Differential Eqns) */ = {
			isa = PBXCopyFilesBuildPhase;
			buildActionMask = 2147483647;
			comments = "Differential Equations\n";
			dstPath = "Scripts/Differential Equations";
			dstSubfolderSpec = 13;
			files = (
				683CAB7A0FD787500071EEAB /* nqsle.fs in Copy Files (Differential Eqns) */,
				683CAB7B0FD787500071EEAB /* pend.fs in Copy Files (Differential Eqns) */,
			);
			name = "Copy Files (Differential Eqns)";
			runOnlyForDeploymentPostprocessing = 0;
		};
		683CAB7C0FD787500071EEAB /* Copy Files (Newton's Method) */ = {
			isa = PBXCopyFilesBuildPhase;
			buildActionMask = 2147483647;
			dstPath = "Scripts/Newton's Method";
			dstSubfolderSpec = 13;
			files = (
				683CAB7D0FD787500071EEAB /* auto.fs in Copy Files (Newton's Method) */,
				683CAB7E0FD787500071EEAB /* mandbr.fs in Copy Files (Newton's Method) */,
				683CAB7F0FD787500071EEAB /* z3-1.fs in Copy Files (Newton's Method) */,
			);
			name = "Copy Files (Newton's Method)";
			runOnlyForDeploymentPostprocessing = 0;
		};
		683CAB800FD787500071EEAB /* Copy Files (Other) */ = {
			isa = PBXCopyFilesBuildPhase;
			buildActionMask = 2147483647;
			dstPath = Scripts/Other;
			dstSubfolderSpec = 13;
			files = (
				683CAB810FD787500071EEAB /* torus.fs in Copy Files (Other) */,
				683CAB820FD787500071EEAB /* mathieu.fs in Copy Files (Other) */,
			);
			name = "Copy Files (Other)";
			runOnlyForDeploymentPostprocessing = 0;
		};
		683CAB830FD787500071EEAB /* Copy Files (Quadratic Maps) */ = {
			isa = PBXCopyFilesBuildPhase;
			buildActionMask = 2147483647;
			dstPath = "Scripts/Quadratic Maps";
			dstSubfolderSpec = 13;
			files = (
				683CAB840FD787500071EEAB /* tricorn.fs in Copy Files (Quadratic Maps) */,
				683CAB850FD787500071EEAB /* ab.fs in Copy Files (Quadratic Maps) */,
				683CAB860FD787500071EEAB /* boundary.fs in Copy Files (Quadratic Maps) */,
				683CAB870FD787500071EEAB /* extern.fs in Copy Files (Quadratic Maps) */,
				683CAB880FD787500071EEAB /* Julia.fs in Copy Files (Quadratic Maps) */,
				683CAB890FD787500071EEAB /* Mandelbrot.fs in Copy Files (Quadratic Maps) */,
				683CAB8A0FD787500071EEAB /* precrit.fs in Copy Files (Quadratic Maps) */,
				683CAB8B0FD787500071EEAB /* ext.fs in Copy Files (Quadratic Maps) */,
				683CAB8C0FD787500071EEAB /* tiles.fs in Copy Files (Quadratic Maps) */,
			);
			name = "Copy Files (Quadratic Maps)";
			runOnlyForDeploymentPostprocessing = 0;
		};
		683CAB8D0FD787500071EEAB /* Copy Files (Several Complex Variables) */ = {
			isa = PBXCopyFilesBuildPhase;
			buildActionMask = 2147483647;
			dstPath = "Scripts/Several Complex Variables";
			dstSubfolderSpec = 13;
			files = (
				683CAB8E0FD787500071EEAB /* except.fs in Copy Files (Several Complex Variables) */,
			);
			name = "Copy Files (Several Complex Variables)";
			runOnlyForDeploymentPostprocessing = 0;
		};
		683CAB8F0FD787500071EEAB /* Copy Files (Transcendental Dynamics) */ = {
			isa = PBXCopyFilesBuildPhase;
			buildActionMask = 2147483647;
			dstPath = "Scripts/Transcendental Dynamics";
			dstSubfolderSpec = 13;
			files = (
				683CAB900FD787500071EEAB /* arcsin.fs in Copy Files (Transcendental Dynamics) */,
				683CAB910FD787500071EEAB /* arcsinp1.fs in Copy Files (Transcendental Dynamics) */,
				683CAB920FD787500071EEAB /* exp.fs in Copy Files (Transcendental Dynamics) */,
			);
			name = "Copy Files (Transcendental Dynamics)";
			runOnlyForDeploymentPostprocessing = 0;
		};
/* End PBXCopyFilesBuildPhase section */

/* Begin PBXFileReference section */
		089C1660FE840EACC02AAC07 /* English */ = {isa = PBXFileReference; fileEncoding = 10; lastKnownFileType = text.plist.strings; name = English; path = English.lproj/InfoPlist.strings; sourceTree = "<group>"; };
		1058C7A7FEA54F5311CA2CBB /* Cocoa.framework */ = {isa = PBXFileReference; lastKnownFileType = wrapper.framework; name = Cocoa.framework; path = /System/Library/Frameworks/Cocoa.framework; sourceTree = "<absolute>"; };
		2A37F4B0FDCFA73011CA2CEA /* main.m */ = {isa = PBXFileReference; fileEncoding = 4; lastKnownFileType = sourcecode.c.objc; path = main.m; sourceTree = "<group>"; };
		2A37F4BAFDCFA73011CA2CEA /* English */ = {isa = PBXFileReference; lastKnownFileType = text.rtf; name = English; path = English.lproj/Credits.rtf; sourceTree = "<group>"; };
		2A37F4C4FDCFA73011CA2CEA /* AppKit.framework */ = {isa = PBXFileReference; lastKnownFileType = wrapper.framework; name = AppKit.framework; path = /System/Library/Frameworks/AppKit.framework; sourceTree = "<absolute>"; };
		2A37F4C5FDCFA73011CA2CEA /* Foundation.framework */ = {isa = PBXFileReference; lastKnownFileType = wrapper.framework; name = Foundation.framework; path = /System/Library/Frameworks/Foundation.framework; sourceTree = "<absolute>"; };
		32DBCF750370BD2300C91783 /* FractalStream_Prefix.pch */ = {isa = PBXFileReference; fileEncoding = 4; lastKnownFileType = sourcecode.c.h; path = FractalStream_Prefix.pch; sourceTree = "<group>"; };
		6802822B10AB17CF0077048E /* FSPanel.h */ = {isa = PBXFileReference; fileEncoding = 4; lastKnownFileType = sourcecode.c.h; path = FSPanel.h; sourceTree = "<group>"; };
		6802822C10AB17CF0077048E /* FSPanel.m */ = {isa = PBXFileReference; fileEncoding = 4; lastKnownFileType = sourcecode.c.objc; path = FSPanel.m; sourceTree = "<group>"; };
		6802824410AB1A060077048E /* English */ = {isa = PBXFileReference; lastKnownFileType = file.xib; name = English; path = English.lproj/FSDocument.xib; sourceTree = "<group>"; };
		6802824610AB1A060077048E /* English */ = {isa = PBXFileReference; lastKnownFileType = file.xib; name = English; path = English.lproj/MainMenu.xib; sourceTree = "<group>"; };
		6802831810ABD0CF0077048E /* debug.h */ = {isa = PBXFileReference; fileEncoding = 4; lastKnownFileType = sourcecode.c.h; path = debug.h; sourceTree = "<group>"; };
		6816EB7E10B1CCBC00B01D0E /* mandelbrot.icns */ = {isa = PBXFileReference; lastKnownFileType = image.icns; path = mandelbrot.icns; sourceTree = "<group>"; };
		681AF1110F699AF900E8DE1B /* FSScriptLibraryController.h */ = {isa = PBXFileReference; fileEncoding = 4; lastKnownFileType = sourcecode.c.h; path = FSScriptLibraryController.h; sourceTree = "<group>"; };
		681AF1120F699AF900E8DE1B /* FSScriptLibraryController.m */ = {isa = PBXFileReference; fileEncoding = 4; lastKnownFileType = sourcecode.c.objc; path = FSScriptLibraryController.m; sourceTree = "<group>"; };
		681AF1130F699AF900E8DE1B /* FSColorLibraryController.h */ = {isa = PBXFileReference; fileEncoding = 4; lastKnownFileType = sourcecode.c.h; path = FSColorLibraryController.h; sourceTree = "<group>"; };
		681AF1140F699AF900E8DE1B /* FSColorLibraryController.m */ = {isa = PBXFileReference; fileEncoding = 4; lastKnownFileType = sourcecode.c.objc; path = FSColorLibraryController.m; sourceTree = "<group>"; };
		681AF1160F699AF900E8DE1B /* FSCWNamedColors.H */ = {isa = PBXFileReference; fileEncoding = 4; lastKnownFileType = sourcecode.cpp.h; path = FSCWNamedColors.H; sourceTree = "<group>"; };
		681AF1170F699AF900E8DE1B /* FSColorWidget.h */ = {isa = PBXFileReference; fileEncoding = 4; lastKnownFileType = sourcecode.c.h; path = FSColorWidget.h; sourceTree = "<group>"; };
		681AF1180F699AF900E8DE1B /* FSColorWidget.m */ = {isa = PBXFileReference; fileEncoding = 4; lastKnownFileType = sourcecode.c.objc; path = FSColorWidget.m; sourceTree = "<group>"; };
		681AF11A0F699AF900E8DE1B /* FSDocument.h */ = {isa = PBXFileReference; fileEncoding = 4; lastKnownFileType = sourcecode.c.h; path = FSDocument.h; sourceTree = "<group>"; };
		681AF11B0F699AF900E8DE1B /* FSDocument.m */ = {isa = PBXFileReference; fileEncoding = 4; lastKnownFileType = sourcecode.c.objc; path = FSDocument.m; sourceTree = "<group>"; };
		681AF11C0F699AF900E8DE1B /* FSSave.h */ = {isa = PBXFileReference; fileEncoding = 4; lastKnownFileType = sourcecode.c.h; path = FSSave.h; sourceTree = "<group>"; };
		681AF11D0F699AF900E8DE1B /* FSSave.m */ = {isa = PBXFileReference; fileEncoding = 4; lastKnownFileType = sourcecode.c.objc; path = FSSave.m; sourceTree = "<group>"; };
		681AF11E0F699AF900E8DE1B /* FSSession.h */ = {isa = PBXFileReference; fileEncoding = 4; lastKnownFileType = sourcecode.c.h; path = FSSession.h; sourceTree = "<group>"; };
		681AF11F0F699AF900E8DE1B /* FSSession.m */ = {isa = PBXFileReference; fileEncoding = 4; lastKnownFileType = sourcecode.c.objc; path = FSSession.m; sourceTree = "<group>"; };
		681AF1200F699AF900E8DE1B /* FSBrowser.h */ = {isa = PBXFileReference; fileEncoding = 4; lastKnownFileType = sourcecode.c.h; path = FSBrowser.h; sourceTree = "<group>"; };
		681AF1210F699AF900E8DE1B /* FSBrowser.m */ = {isa = PBXFileReference; fileEncoding = 4; lastKnownFileType = sourcecode.c.objc; path = FSBrowser.m; sourceTree = "<group>"; };
		681AF1230F699AF900E8DE1B /* FSECompilerSymbols.H */ = {isa = PBXFileReference; fileEncoding = 4; lastKnownFileType = sourcecode.cpp.h; path = FSECompilerSymbols.H; sourceTree = "<group>"; };
		681AF1240F699AF900E8DE1B /* FSEParseNode.h */ = {isa = PBXFileReference; fileEncoding = 4; lastKnownFileType = sourcecode.c.h; path = FSEParseNode.h; sourceTree = "<group>"; };
		681AF1250F699AF900E8DE1B /* FSEParseTree.h */ = {isa = PBXFileReference; fileEncoding = 4; lastKnownFileType = sourcecode.c.h; path = FSEParseTree.h; sourceTree = "<group>"; };
		681AF1260F699AF900E8DE1B /* FSEParseTree.m */ = {isa = PBXFileReference; fileEncoding = 4; lastKnownFileType = sourcecode.c.objc; path = FSEParseTree.m; sourceTree = "<group>"; };
		681AF1270F699AF900E8DE1B /* FSECompiler.h */ = {isa = PBXFileReference; fileEncoding = 4; lastKnownFileType = sourcecode.c.h; path = FSECompiler.h; sourceTree = "<group>"; };
		681AF1280F699AF900E8DE1B /* FSECompiler.m */ = {isa = PBXFileReference; fileEncoding = 4; lastKnownFileType = sourcecode.c.objc; path = FSECompiler.m; sourceTree = "<group>"; };
		681AF1290F699AF900E8DE1B /* FSEC_gcc.h */ = {isa = PBXFileReference; fileEncoding = 4; lastKnownFileType = sourcecode.c.h; path = FSEC_gcc.h; sourceTree = "<group>"; };
		681AF12A0F699AF900E8DE1B /* FSEC_gcc.c */ = {isa = PBXFileReference; fileEncoding = 4; lastKnownFileType = sourcecode.c.c; path = FSEC_gcc.c; sourceTree = "<group>"; };
		681AF12B0F699AF900E8DE1B /* FSEController.h */ = {isa = PBXFileReference; fileEncoding = 4; lastKnownFileType = sourcecode.c.h; path = FSEController.h; sourceTree = "<group>"; };
		681AF12C0F699AF900E8DE1B /* FSEController.m */ = {isa = PBXFileReference; fileEncoding = 4; lastKnownFileType = sourcecode.c.objc; path = FSEController.m; sourceTree = "<group>"; };
		681AF12D0F699AF900E8DE1B /* FSKernel.h */ = {isa = PBXFileReference; fileEncoding = 4; lastKnownFileType = sourcecode.c.h; path = FSKernel.h; sourceTree = "<group>"; };
		681AF12E0F699AF900E8DE1B /* FSKernel.mm */ = {isa = PBXFileReference; fileEncoding = 4; lastKnownFileType = sourcecode.cpp.objcpp; path = FSKernel.mm; sourceTree = "<group>"; };
		681AF12F0F699AF900E8DE1B /* FSJitter.h */ = {isa = PBXFileReference; fileEncoding = 4; lastKnownFileType = sourcecode.c.h; path = FSJitter.h; sourceTree = "<group>"; };
		681AF1300F699AF900E8DE1B /* FSJitter.mm */ = {isa = PBXFileReference; fileEncoding = 4; lastKnownFileType = sourcecode.cpp.objcpp; path = FSJitter.mm; sourceTree = "<group>"; };
		681AF1320F699AF900E8DE1B /* FSTool.h */ = {isa = PBXFileReference; fileEncoding = 4; lastKnownFileType = sourcecode.c.h; path = FSTool.h; sourceTree = "<group>"; };
		681AF1330F699AF900E8DE1B /* FSViewerData.h */ = {isa = PBXFileReference; fileEncoding = 4; lastKnownFileType = sourcecode.c.h; path = FSViewerData.h; sourceTree = "<group>"; };
		681AF1340F699AF900E8DE1B /* FSToolStruct.h */ = {isa = PBXFileReference; fileEncoding = 4; lastKnownFileType = sourcecode.c.h; path = FSToolStruct.h; sourceTree = "<group>"; };
		681AF1350F699AF900E8DE1B /* FSToolInterface.h */ = {isa = PBXFileReference; fileEncoding = 4; lastKnownFileType = sourcecode.c.h; path = FSToolInterface.h; sourceTree = "<group>"; };
		681AF1360F699AF900E8DE1B /* FSCursors.h */ = {isa = PBXFileReference; fileEncoding = 4; lastKnownFileType = sourcecode.c.h; path = FSCursors.h; sourceTree = "<group>"; };
		681AF1370F699AF900E8DE1B /* FSCursors.m */ = {isa = PBXFileReference; fileEncoding = 4; lastKnownFileType = sourcecode.c.objc; path = FSCursors.m; sourceTree = "<group>"; };
		681AF1380F699AF900E8DE1B /* FSTools.h */ = {isa = PBXFileReference; fileEncoding = 4; lastKnownFileType = sourcecode.c.h; path = FSTools.h; sourceTree = "<group>"; };
		681AF1390F699AF900E8DE1B /* FSTools.m */ = {isa = PBXFileReference; fileEncoding = 4; lastKnownFileType = sourcecode.c.objc; path = FSTools.m; sourceTree = "<group>"; };
		681AF13A0F699AF900E8DE1B /* FSRenderer.h */ = {isa = PBXFileReference; fileEncoding = 4; lastKnownFileType = sourcecode.c.h; path = FSRenderer.h; sourceTree = "<group>"; };
		681AF13B0F699AF900E8DE1B /* FSRenderer.m */ = {isa = PBXFileReference; fileEncoding = 4; lastKnownFileType = sourcecode.c.objc; path = FSRenderer.m; sourceTree = "<group>"; };
		681AF13C0F699AF900E8DE1B /* FSViewer.h */ = {isa = PBXFileReference; fileEncoding = 4; lastKnownFileType = sourcecode.c.h; path = FSViewer.h; sourceTree = "<group>"; };
		681AF13D0F699AF900E8DE1B /* FSViewer.m */ = {isa = PBXFileReference; fileEncoding = 4; lastKnownFileType = sourcecode.c.objc; path = FSViewer.m; sourceTree = "<group>"; };
		681AF13E0F699AF900E8DE1B /* FSRenderUnit.h */ = {isa = PBXFileReference; fileEncoding = 4; lastKnownFileType = sourcecode.c.h; path = FSRenderUnit.h; sourceTree = "<group>"; };
		681AF13F0F699AF900E8DE1B /* FSRenderOperation.h */ = {isa = PBXFileReference; fileEncoding = 4; lastKnownFileType = sourcecode.c.h; path = FSRenderOperation.h; sourceTree = "<group>"; };
		681AF1400F699AF900E8DE1B /* FSRenderOperation.m */ = {isa = PBXFileReference; fileEncoding = 4; lastKnownFileType = sourcecode.c.objc; path = FSRenderOperation.m; sourceTree = "<group>"; };
		681AF1410F699AF900E8DE1B /* FSColorizer.h */ = {isa = PBXFileReference; fileEncoding = 4; lastKnownFileType = sourcecode.c.h; path = FSColorizer.h; sourceTree = "<group>"; };
		681AF1420F699AF900E8DE1B /* FSColorizer.m */ = {isa = PBXFileReference; fileEncoding = 4; lastKnownFileType = sourcecode.c.objc; path = FSColorizer.m; sourceTree = "<group>"; };
		681AF1430F699AF900E8DE1B /* FSColorOperation.h */ = {isa = PBXFileReference; fileEncoding = 4; lastKnownFileType = sourcecode.c.h; path = FSColorOperation.h; sourceTree = "<group>"; };
		681AF1440F699AF900E8DE1B /* FSColorOperation.m */ = {isa = PBXFileReference; fileEncoding = 4; lastKnownFileType = sourcecode.c.objc; path = FSColorOperation.m; sourceTree = "<group>"; };
		681AF1450F699AF900E8DE1B /* FSThreading.h */ = {isa = PBXFileReference; fileEncoding = 4; lastKnownFileType = sourcecode.c.h; path = FSThreading.h; sourceTree = "<group>"; };
		681AF1460F699AF900E8DE1B /* FSThreading.m */ = {isa = PBXFileReference; fileEncoding = 4; lastKnownFileType = sourcecode.c.objc; path = FSThreading.m; sourceTree = "<group>"; };
		681AF15C0F699B2A00E8DE1B /* FSStartup.h */ = {isa = PBXFileReference; fileEncoding = 4; lastKnownFileType = sourcecode.c.h; path = FSStartup.h; sourceTree = "<group>"; };
		681AF15D0F699B2A00E8DE1B /* FSStartup.m */ = {isa = PBXFileReference; fileEncoding = 4; lastKnownFileType = sourcecode.c.objc; path = FSStartup.m; sourceTree = "<group>"; };
		681AF1630F699B3800E8DE1B /* Info.plist */ = {isa = PBXFileReference; lastKnownFileType = text.plist.xml; path = Info.plist; sourceTree = "<group>"; };
		681AF1650F699B3800E8DE1B /* FSMovieTool */ = {isa = PBXFileReference; lastKnownFileType = "compiled.mach-o.bundle"; path = FSMovieTool; sourceTree = "<group>"; };
		681AF1670F699B3800E8DE1B /* FSMovieTool.nib */ = {isa = PBXFileReference; lastKnownFileType = wrapper.nib; path = FSMovieTool.nib; sourceTree = "<group>"; };
		681AF16A0F699B3800E8DE1B /* Info.plist */ = {isa = PBXFileReference; lastKnownFileType = text.plist.xml; path = Info.plist; sourceTree = "<group>"; };
		681AF16C0F699B3800E8DE1B /* FSSnapshotTool */ = {isa = PBXFileReference; lastKnownFileType = "compiled.mach-o.bundle"; path = FSSnapshotTool; sourceTree = "<group>"; };
		681AF16E0F699B3800E8DE1B /* FSSnapshotTool.nib */ = {isa = PBXFileReference; lastKnownFileType = wrapper.nib; path = FSSnapshotTool.nib; sourceTree = "<group>"; };
		681AF1710F699B3800E8DE1B /* Info.plist */ = {isa = PBXFileReference; lastKnownFileType = text.plist.xml; path = Info.plist; sourceTree = "<group>"; };
		681AF1730F699B3800E8DE1B /* FSTraceTool */ = {isa = PBXFileReference; lastKnownFileType = "compiled.mach-o.bundle"; path = FSTraceTool; sourceTree = "<group>"; };
		681AF1750F699B3900E8DE1B /* FSTraceTool.nib */ = {isa = PBXFileReference; lastKnownFileType = wrapper.nib; path = FSTraceTool.nib; sourceTree = "<group>"; };
		681AF1920F699B3900E8DE1B /* nqsle.fs */ = {isa = PBXFileReference; lastKnownFileType = file.bplist; path = nqsle.fs; sourceTree = "<group>"; };
		681AF1930F699B3900E8DE1B /* pend.fs */ = {isa = PBXFileReference; lastKnownFileType = file.bplist; path = pend.fs; sourceTree = "<group>"; };
		681AF1950F699B3900E8DE1B /* auto.fs */ = {isa = PBXFileReference; lastKnownFileType = file.bplist; path = auto.fs; sourceTree = "<group>"; };
		681AF1960F699B3900E8DE1B /* mandbr.fs */ = {isa = PBXFileReference; lastKnownFileType = file.bplist; path = mandbr.fs; sourceTree = "<group>"; };
		681AF1970F699B3900E8DE1B /* z3-1.fs */ = {isa = PBXFileReference; lastKnownFileType = file.bplist; path = "z3-1.fs"; sourceTree = "<group>"; };
		681AF1990F699B3900E8DE1B /* torus.fs */ = {isa = PBXFileReference; lastKnownFileType = file.bplist; path = torus.fs; sourceTree = "<group>"; };
		681AF19A0F699B3900E8DE1B /* mathieu.fs */ = {isa = PBXFileReference; lastKnownFileType = file.bplist; path = mathieu.fs; sourceTree = "<group>"; };
		681AF19C0F699B3900E8DE1B /* tricorn.fs */ = {isa = PBXFileReference; lastKnownFileType = file.bplist; path = tricorn.fs; sourceTree = "<group>"; };
		681AF19D0F699B3900E8DE1B /* ab.fs */ = {isa = PBXFileReference; lastKnownFileType = file.bplist; path = ab.fs; sourceTree = "<group>"; };
		681AF19E0F699B3900E8DE1B /* boundary.fs */ = {isa = PBXFileReference; lastKnownFileType = file.bplist; path = boundary.fs; sourceTree = "<group>"; };
		681AF19F0F699B3900E8DE1B /* extern.fs */ = {isa = PBXFileReference; lastKnownFileType = file.bplist; path = extern.fs; sourceTree = "<group>"; };
		681AF1A00F699B3900E8DE1B /* Julia.fs */ = {isa = PBXFileReference; lastKnownFileType = file.bplist; path = Julia.fs; sourceTree = "<group>"; };
		681AF1A10F699B3900E8DE1B /* Mandelbrot.fs */ = {isa = PBXFileReference; lastKnownFileType = file.bplist; path = Mandelbrot.fs; sourceTree = "<group>"; };
		681AF1A20F699B3900E8DE1B /* precrit.fs */ = {isa = PBXFileReference; lastKnownFileType = file.bplist; path = precrit.fs; sourceTree = "<group>"; };
		681AF1A30F699B3900E8DE1B /* ext.fs */ = {isa = PBXFileReference; lastKnownFileType = file.bplist; path = ext.fs; sourceTree = "<group>"; };
		681AF1A40F699B3900E8DE1B /* tiles.fs */ = {isa = PBXFileReference; lastKnownFileType = file.bplist; path = tiles.fs; sourceTree = "<group>"; };
		681AF1A60F699B3900E8DE1B /* except.fs */ = {isa = PBXFileReference; lastKnownFileType = file.bplist; path = except.fs; sourceTree = "<group>"; };
		681AF1A80F699B3900E8DE1B /* arcsin.fs */ = {isa = PBXFileReference; lastKnownFileType = file.bplist; path = arcsin.fs; sourceTree = "<group>"; };
		681AF1A90F699B3900E8DE1B /* arcsinp1.fs */ = {isa = PBXFileReference; lastKnownFileType = file.bplist; path = arcsinp1.fs; sourceTree = "<group>"; };
		681AF1AA0F699B3900E8DE1B /* exp.fs */ = {isa = PBXFileReference; lastKnownFileType = file.bplist; path = exp.fs; sourceTree = "<group>"; };
		681AF1AD0F699B8F00E8DE1B /* henonc.fs */ = {isa = PBXFileReference; lastKnownFileType = file.bplist; path = henonc.fs; sourceTree = "<group>"; };
		681AF1AE0F699B8F00E8DE1B /* henona.fs */ = {isa = PBXFileReference; lastKnownFileType = file.bplist; path = henona.fs; sourceTree = "<group>"; };
		681AF1B60F699BCC00E8DE1B /* julia.icns */ = {isa = PBXFileReference; lastKnownFileType = image.icns; path = julia.icns; sourceTree = "<group>"; };
		681AF1B90F699DEA00E8DE1B /* LLVMExecutionEngine.o */ = {isa = PBXFileReference; lastKnownFileType = "compiled.mach-o.objfile"; path = LLVMExecutionEngine.o; sourceTree = "<group>"; };
		681AF1BA0F699DEA00E8DE1B /* LLVMJIT.o */ = {isa = PBXFileReference; lastKnownFileType = "compiled.mach-o.objfile"; path = LLVMJIT.o; sourceTree = "<group>"; };
		681AF1BB0F699DEA00E8DE1B /* LLVMPowerPCAsmPrinter.o */ = {isa = PBXFileReference; lastKnownFileType = "compiled.mach-o.objfile"; path = LLVMPowerPCAsmPrinter.o; sourceTree = "<group>"; };
		681AF1BC0F699DEA00E8DE1B /* LLVMPowerPCCodeGen.o */ = {isa = PBXFileReference; lastKnownFileType = "compiled.mach-o.objfile"; path = LLVMPowerPCCodeGen.o; sourceTree = "<group>"; };
		681AF1BD0F699DEA00E8DE1B /* LLVMX86AsmPrinter.o */ = {isa = PBXFileReference; lastKnownFileType = "compiled.mach-o.objfile"; path = LLVMX86AsmPrinter.o; sourceTree = "<group>"; };
		681AF1BE0F699DEA00E8DE1B /* LLVMX86CodeGen.o */ = {isa = PBXFileReference; lastKnownFileType = "compiled.mach-o.objfile"; path = LLVMX86CodeGen.o; sourceTree = "<group>"; };
		681AF4C30F6CCE8000E8DE1B /* FSFullscreenWindow.h */ = {isa = PBXFileReference; fileEncoding = 4; lastKnownFileType = sourcecode.c.h; path = FSFullscreenWindow.h; sourceTree = "<group>"; };
		681AF4C40F6CCE8000E8DE1B /* FSFullscreenWindow.m */ = {isa = PBXFileReference; fileEncoding = 4; lastKnownFileType = sourcecode.c.objc; path = FSFullscreenWindow.m; sourceTree = "<group>"; };
		683942CD10B39DEB00A6A993 /* English */ = {isa = PBXFileReference; lastKnownFileType = file.xib; name = English; path = "English.lproj/FSDocument-windows.xib"; sourceTree = "<group>"; };
		683942CF10B39DEB00A6A993 /* English */ = {isa = PBXFileReference; lastKnownFileType = file.xib; name = English; path = "English.lproj/MainMenu-windows.xib"; sourceTree = "<group>"; };
		683CAB960FD787500071EEAB /* FractalStream.app */ = {isa = PBXFileReference; explicitFileType = wrapper.application; includeInIndex = 0; path = FractalStream.app; sourceTree = BUILT_PRODUCTS_DIR; };
		68411691100306F000C5323F /* FSColor.h */ = {isa = PBXFileReference; fileEncoding = 4; lastKnownFileType = sourcecode.c.h; path = FSColor.h; sourceTree = "<group>"; };
		68411692100306F000C5323F /* FSColor.m */ = {isa = PBXFileReference; fileEncoding = 4; lastKnownFileType = sourcecode.c.objc; path = FSColor.m; sourceTree = "<group>"; };
		68605DB60F6DCEE500189C8C /* FSCustomDataManager.h */ = {isa = PBXFileReference; fileEncoding = 4; lastKnownFileType = sourcecode.c.h; path = FSCustomDataManager.h; sourceTree = "<group>"; };
		68605DB70F6DCEE500189C8C /* FSCustomDataManager.m */ = {isa = PBXFileReference; fileEncoding = 4; lastKnownFileType = sourcecode.c.objc; path = FSCustomDataManager.m; sourceTree = "<group>"; };
		68AF3A641049D83400967604 /* LLVMExecutionEngine.o */ = {isa = PBXFileReference; lastKnownFileType = "compiled.mach-o.objfile"; name = LLVMExecutionEngine.o; path = win/LLVMExecutionEngine.o; sourceTree = "<group>"; };
		68AF3A691049D83400967604 /* LLVMJIT.o */ = {isa = PBXFileReference; lastKnownFileType = "compiled.mach-o.objfile"; name = LLVMJIT.o; path = win/LLVMJIT.o; sourceTree = "<group>"; };
		68AF3A6D1049D83400967604 /* LLVMPowerPCAsmPrinter.o */ = {isa = PBXFileReference; lastKnownFileType = "compiled.mach-o.objfile"; name = LLVMPowerPCAsmPrinter.o; path = win/LLVMPowerPCAsmPrinter.o; sourceTree = "<group>"; };
		68AF3A6E1049D83400967604 /* LLVMPowerPCCodeGen.o */ = {isa = PBXFileReference; lastKnownFileType = "compiled.mach-o.objfile"; name = LLVMPowerPCCodeGen.o; path = win/LLVMPowerPCCodeGen.o; sourceTree = "<group>"; };
		68AF3A701049D83400967604 /* LLVMX86AsmPrinter.o */ = {isa = PBXFileReference; lastKnownFileType = "compiled.mach-o.objfile"; name = LLVMX86AsmPrinter.o; path = win/LLVMX86AsmPrinter.o; sourceTree = "<group>"; };
		68AF3A711049D83400967604 /* LLVMX86CodeGen.o */ = {isa = PBXFileReference; lastKnownFileType = "compiled.mach-o.objfile"; name = LLVMX86CodeGen.o; path = win/LLVMX86CodeGen.o; sourceTree = "<group>"; };
		8D15AC360486D014006FF6A4 /* Info.plist */ = {isa = PBXFileReference; fileEncoding = 4; lastKnownFileType = text.plist.xml; path = Info.plist; sourceTree = "<group>"; };
		8D15AC370486D014006FF6A4 /* FractalStream.app */ = {isa = PBXFileReference; explicitFileType = wrapper.application; includeInIndex = 0; path = FractalStream.app; sourceTree = BUILT_PRODUCTS_DIR; };
/* End PBXFileReference section */

/* Begin PBXFrameworksBuildPhase section */
		683CAB560FD787500071EEAB /* Frameworks */ = {
			isa = PBXFrameworksBuildPhase;
			buildActionMask = 2147483647;
			files = (
				688F109A0FD9BED700FAFC60 /* AppKit.framework in Frameworks */,
				688F109B0FD9BED700FAFC60 /* Foundation.framework in Frameworks */,
				683CAB570FD787500071EEAB /* Cocoa.framework in Frameworks */,
			);
			runOnlyForDeploymentPostprocessing = 0;
		};
		8D15AC330486D014006FF6A4 /* Frameworks */ = {
			isa = PBXFrameworksBuildPhase;
			buildActionMask = 2147483647;
			files = (
				68CB40A81065EA5E0005403B /* LLVMExecutionEngine.o in Frameworks */,
				68CB40A91065EA5E0005403B /* LLVMJIT.o in Frameworks */,
				68CB40AA1065EA5E0005403B /* LLVMPowerPCAsmPrinter.o in Frameworks */,
				68CB40AB1065EA5E0005403B /* LLVMPowerPCCodeGen.o in Frameworks */,
				68CB40AC1065EA5E0005403B /* LLVMX86AsmPrinter.o in Frameworks */,
				68CB40AD1065EA5E0005403B /* LLVMX86CodeGen.o in Frameworks */,
				8D15AC340486D014006FF6A4 /* Cocoa.framework in Frameworks */,
			);
			runOnlyForDeploymentPostprocessing = 0;
		};
/* End PBXFrameworksBuildPhase section */

/* Begin PBXGroup section */
		1058C7A6FEA54F5311CA2CBB /* Linked Frameworks */ = {
			isa = PBXGroup;
			children = (
				1058C7A7FEA54F5311CA2CBB /* Cocoa.framework */,
			);
			name = "Linked Frameworks";
			sourceTree = "<group>";
		};
		1058C7A8FEA54F5311CA2CBB /* Other Frameworks */ = {
			isa = PBXGroup;
			children = (
				2A37F4C4FDCFA73011CA2CEA /* AppKit.framework */,
				2A37F4C5FDCFA73011CA2CEA /* Foundation.framework */,
			);
			name = "Other Frameworks";
			sourceTree = "<group>";
		};
		19C28FB0FE9D524F11CA2CBB /* Products */ = {
			isa = PBXGroup;
			children = (
				8D15AC370486D014006FF6A4 /* FractalStream.app */,
				683CAB960FD787500071EEAB /* FractalStream.app */,
			);
			name = Products;
			sourceTree = "<group>";
		};
		2A37F4AAFDCFA73011CA2CEA /* FractalStream */ = {
			isa = PBXGroup;
			children = (
				2A37F4ABFDCFA73011CA2CEA /* Classes */,
				2A37F4AFFDCFA73011CA2CEA /* Other Sources */,
				681AF15F0F699B3800E8DE1B /* PlugIns */,
				2A37F4B8FDCFA73011CA2CEA /* Resources */,
				68AF3A5B1049D80600967604 /* Windows Libraries */,
				681AF1B80F699DEA00E8DE1B /* Libraries */,
				2A37F4C3FDCFA73011CA2CEA /* Frameworks */,
				19C28FB0FE9D524F11CA2CBB /* Products */,
			);
			name = FractalStream;
			sourceTree = "<group>";
		};
		2A37F4ABFDCFA73011CA2CEA /* Classes */ = {
			isa = PBXGroup;
			children = (
				681AF1310F699AF900E8DE1B /* View */,
				681AF1220F699AF900E8DE1B /* Program Editor */,
				681AF1190F699AF900E8DE1B /* Document */,
				681AF1150F699AF900E8DE1B /* Color Editor */,
				681AF1100F699AF900E8DE1B /* Library */,
			);
			name = Classes;
			sourceTree = "<group>";
		};
		2A37F4AFFDCFA73011CA2CEA /* Other Sources */ = {
			isa = PBXGroup;
			children = (
				32DBCF750370BD2300C91783 /* FractalStream_Prefix.pch */,
				2A37F4B0FDCFA73011CA2CEA /* main.m */,
				681AF15C0F699B2A00E8DE1B /* FSStartup.h */,
				681AF15D0F699B2A00E8DE1B /* FSStartup.m */,
			);
			name = "Other Sources";
			sourceTree = "<group>";
		};
		2A37F4B8FDCFA73011CA2CEA /* Resources */ = {
			isa = PBXGroup;
			children = (
				6816EB7E10B1CCBC00B01D0E /* mandelbrot.icns */,
				6802824310AB1A060077048E /* FSDocument.xib */,
				6802824510AB1A060077048E /* MainMenu.xib */,
				681AF1B60F699BCC00E8DE1B /* julia.icns */,
				683942CC10B39DEB00A6A993 /* FSDocument-windows.xib */,
				683942CE10B39DEB00A6A993 /* MainMenu-windows.xib */,
				2A37F4B9FDCFA73011CA2CEA /* Credits.rtf */,
				8D15AC360486D014006FF6A4 /* Info.plist */,
				089C165FFE840EACC02AAC07 /* InfoPlist.strings */,
			);
			name = Resources;
			sourceTree = "<group>";
		};
		2A37F4C3FDCFA73011CA2CEA /* Frameworks */ = {
			isa = PBXGroup;
			children = (
				1058C7A6FEA54F5311CA2CBB /* Linked Frameworks */,
				1058C7A8FEA54F5311CA2CBB /* Other Frameworks */,
			);
			name = Frameworks;
			sourceTree = "<group>";
		};
		681AF1100F699AF900E8DE1B /* Library */ = {
			isa = PBXGroup;
			children = (
				681AF1110F699AF900E8DE1B /* FSScriptLibraryController.h */,
				681AF1120F699AF900E8DE1B /* FSScriptLibraryController.m */,
				681AF1130F699AF900E8DE1B /* FSColorLibraryController.h */,
				681AF1140F699AF900E8DE1B /* FSColorLibraryController.m */,
			);
			name = Library;
			sourceTree = "<group>";
		};
		681AF1150F699AF900E8DE1B /* Color Editor */ = {
			isa = PBXGroup;
			children = (
				681AF1160F699AF900E8DE1B /* FSCWNamedColors.H */,
				681AF1170F699AF900E8DE1B /* FSColorWidget.h */,
				681AF1180F699AF900E8DE1B /* FSColorWidget.m */,
				68411691100306F000C5323F /* FSColor.h */,
				68411692100306F000C5323F /* FSColor.m */,
				681AF1410F699AF900E8DE1B /* FSColorizer.h */,
				681AF1420F699AF900E8DE1B /* FSColorizer.m */,
				681AF1430F699AF900E8DE1B /* FSColorOperation.h */,
				681AF1440F699AF900E8DE1B /* FSColorOperation.m */,
			);
			name = "Color Editor";
			sourceTree = "<group>";
		};
		681AF1190F699AF900E8DE1B /* Document */ = {
			isa = PBXGroup;
			children = (
				681AF11A0F699AF900E8DE1B /* FSDocument.h */,
				681AF11B0F699AF900E8DE1B /* FSDocument.m */,
				6802822B10AB17CF0077048E /* FSPanel.h */,
				6802822C10AB17CF0077048E /* FSPanel.m */,
				681AF11C0F699AF900E8DE1B /* FSSave.h */,
				681AF11D0F699AF900E8DE1B /* FSSave.m */,
				681AF11E0F699AF900E8DE1B /* FSSession.h */,
				681AF11F0F699AF900E8DE1B /* FSSession.m */,
				681AF1200F699AF900E8DE1B /* FSBrowser.h */,
				681AF1210F699AF900E8DE1B /* FSBrowser.m */,
			);
			name = Document;
			sourceTree = "<group>";
		};
		681AF1220F699AF900E8DE1B /* Program Editor */ = {
			isa = PBXGroup;
			children = (
				681AF1230F699AF900E8DE1B /* FSECompilerSymbols.H */,
				681AF1240F699AF900E8DE1B /* FSEParseNode.h */,
				681AF1250F699AF900E8DE1B /* FSEParseTree.h */,
				681AF1260F699AF900E8DE1B /* FSEParseTree.m */,
				681AF1270F699AF900E8DE1B /* FSECompiler.h */,
				681AF1280F699AF900E8DE1B /* FSECompiler.m */,
				681AF1290F699AF900E8DE1B /* FSEC_gcc.h */,
				681AF12A0F699AF900E8DE1B /* FSEC_gcc.c */,
				681AF12B0F699AF900E8DE1B /* FSEController.h */,
				681AF12C0F699AF900E8DE1B /* FSEController.m */,
				681AF12D0F699AF900E8DE1B /* FSKernel.h */,
				681AF12E0F699AF900E8DE1B /* FSKernel.mm */,
				681AF12F0F699AF900E8DE1B /* FSJitter.h */,
				681AF1300F699AF900E8DE1B /* FSJitter.mm */,
				68605DB60F6DCEE500189C8C /* FSCustomDataManager.h */,
				68605DB70F6DCEE500189C8C /* FSCustomDataManager.m */,
			);
			name = "Program Editor";
			sourceTree = "<group>";
		};
		681AF1310F699AF900E8DE1B /* View */ = {
			isa = PBXGroup;
			children = (
				681AF1320F699AF900E8DE1B /* FSTool.h */,
				681AF1330F699AF900E8DE1B /* FSViewerData.h */,
				681AF1340F699AF900E8DE1B /* FSToolStruct.h */,
				681AF1350F699AF900E8DE1B /* FSToolInterface.h */,
				681AF1360F699AF900E8DE1B /* FSCursors.h */,
				681AF1370F699AF900E8DE1B /* FSCursors.m */,
				681AF1380F699AF900E8DE1B /* FSTools.h */,
				681AF1390F699AF900E8DE1B /* FSTools.m */,
				681AF13A0F699AF900E8DE1B /* FSRenderer.h */,
				681AF13B0F699AF900E8DE1B /* FSRenderer.m */,
				6802831810ABD0CF0077048E /* debug.h */,
				681AF13C0F699AF900E8DE1B /* FSViewer.h */,
				681AF13D0F699AF900E8DE1B /* FSViewer.m */,
				681AF13E0F699AF900E8DE1B /* FSRenderUnit.h */,
				681AF13F0F699AF900E8DE1B /* FSRenderOperation.h */,
				681AF1400F699AF900E8DE1B /* FSRenderOperation.m */,
				681AF1450F699AF900E8DE1B /* FSThreading.h */,
				681AF1460F699AF900E8DE1B /* FSThreading.m */,
				681AF4C30F6CCE8000E8DE1B /* FSFullscreenWindow.h */,
				681AF4C40F6CCE8000E8DE1B /* FSFullscreenWindow.m */,
			);
			name = View;
			sourceTree = "<group>";
		};
		681AF15F0F699B3800E8DE1B /* PlugIns */ = {
			isa = PBXGroup;
			children = (
				681AF1900F699B3900E8DE1B /* Scripts */,
				681AF1760F699B3900E8DE1B /* Colors */,
				681AF1600F699B3800E8DE1B /* Tools */,
			);
			name = PlugIns;
			sourceTree = "<group>";
		};
		681AF1600F699B3800E8DE1B /* Tools */ = {
			isa = PBXGroup;
			children = (
				681AF1610F699B3800E8DE1B /* FSMovieTool.fstool */,
				681AF1680F699B3800E8DE1B /* FSSnapshotTool.fstool */,
				681AF16F0F699B3800E8DE1B /* FSTraceTool.fstool */,
			);
			name = Tools;
			sourceTree = "<group>";
		};
		681AF1610F699B3800E8DE1B /* FSMovieTool.fstool */ = {
			isa = PBXGroup;
			children = (
				681AF1620F699B3800E8DE1B /* Contents */,
			);
			path = FSMovieTool.fstool;
			sourceTree = "<group>";
		};
		681AF1620F699B3800E8DE1B /* Contents */ = {
			isa = PBXGroup;
			children = (
				681AF1630F699B3800E8DE1B /* Info.plist */,
				681AF1640F699B3800E8DE1B /* MacOS */,
				681AF1660F699B3800E8DE1B /* Resources */,
			);
			path = Contents;
			sourceTree = "<group>";
		};
		681AF1640F699B3800E8DE1B /* MacOS */ = {
			isa = PBXGroup;
			children = (
				681AF1650F699B3800E8DE1B /* FSMovieTool */,
			);
			path = MacOS;
			sourceTree = "<group>";
		};
		681AF1660F699B3800E8DE1B /* Resources */ = {
			isa = PBXGroup;
			children = (
				681AF1670F699B3800E8DE1B /* FSMovieTool.nib */,
			);
			path = Resources;
			sourceTree = "<group>";
		};
		681AF1680F699B3800E8DE1B /* FSSnapshotTool.fstool */ = {
			isa = PBXGroup;
			children = (
				681AF1690F699B3800E8DE1B /* Contents */,
			);
			path = FSSnapshotTool.fstool;
			sourceTree = "<group>";
		};
		681AF1690F699B3800E8DE1B /* Contents */ = {
			isa = PBXGroup;
			children = (
				681AF16A0F699B3800E8DE1B /* Info.plist */,
				681AF16B0F699B3800E8DE1B /* MacOS */,
				681AF16D0F699B3800E8DE1B /* Resources */,
			);
			path = Contents;
			sourceTree = "<group>";
		};
		681AF16B0F699B3800E8DE1B /* MacOS */ = {
			isa = PBXGroup;
			children = (
				681AF16C0F699B3800E8DE1B /* FSSnapshotTool */,
			);
			path = MacOS;
			sourceTree = "<group>";
		};
		681AF16D0F699B3800E8DE1B /* Resources */ = {
			isa = PBXGroup;
			children = (
				681AF16E0F699B3800E8DE1B /* FSSnapshotTool.nib */,
			);
			path = Resources;
			sourceTree = "<group>";
		};
		681AF16F0F699B3800E8DE1B /* FSTraceTool.fstool */ = {
			isa = PBXGroup;
			children = (
				681AF1700F699B3800E8DE1B /* Contents */,
			);
			path = FSTraceTool.fstool;
			sourceTree = "<group>";
		};
		681AF1700F699B3800E8DE1B /* Contents */ = {
			isa = PBXGroup;
			children = (
				681AF1710F699B3800E8DE1B /* Info.plist */,
				681AF1720F699B3800E8DE1B /* MacOS */,
				681AF1740F699B3800E8DE1B /* Resources */,
			);
			path = Contents;
			sourceTree = "<group>";
		};
		681AF1720F699B3800E8DE1B /* MacOS */ = {
			isa = PBXGroup;
			children = (
				681AF1730F699B3800E8DE1B /* FSTraceTool */,
			);
			path = MacOS;
			sourceTree = "<group>";
		};
		681AF1740F699B3800E8DE1B /* Resources */ = {
			isa = PBXGroup;
			children = (
				681AF1750F699B3900E8DE1B /* FSTraceTool.nib */,
			);
			path = Resources;
			sourceTree = "<group>";
		};
		681AF1760F699B3900E8DE1B /* Colors */ = {
			isa = PBXGroup;
			children = (
			);
			name = Colors;
			sourceTree = "<group>";
		};
		681AF1900F699B3900E8DE1B /* Scripts */ = {
			isa = PBXGroup;
			children = (
				681AF1AC0F699B8000E8DE1B /* Hénon Map */,
				681AF1910F699B3900E8DE1B /* Differential Equations */,
				681AF1940F699B3900E8DE1B /* Newton's Method */,
				681AF1980F699B3900E8DE1B /* Other */,
				681AF19B0F699B3900E8DE1B /* Quadratic Maps */,
				681AF1A50F699B3900E8DE1B /* Several Complex Variables */,
				681AF1A70F699B3900E8DE1B /* Transcendental Dynamics */,
			);
			path = Scripts;
			sourceTree = "<group>";
		};
		681AF1910F699B3900E8DE1B /* Differential Equations */ = {
			isa = PBXGroup;
			children = (
				681AF1920F699B3900E8DE1B /* nqsle.fs */,
				681AF1930F699B3900E8DE1B /* pend.fs */,
			);
			path = "Differential Equations";
			sourceTree = "<group>";
		};
		681AF1940F699B3900E8DE1B /* Newton's Method */ = {
			isa = PBXGroup;
			children = (
				681AF1950F699B3900E8DE1B /* auto.fs */,
				681AF1960F699B3900E8DE1B /* mandbr.fs */,
				681AF1970F699B3900E8DE1B /* z3-1.fs */,
			);
			path = "Newton's Method";
			sourceTree = "<group>";
		};
		681AF1980F699B3900E8DE1B /* Other */ = {
			isa = PBXGroup;
			children = (
				681AF1990F699B3900E8DE1B /* torus.fs */,
				681AF19A0F699B3900E8DE1B /* mathieu.fs */,
			);
			path = Other;
			sourceTree = "<group>";
		};
		681AF19B0F699B3900E8DE1B /* Quadratic Maps */ = {
			isa = PBXGroup;
			children = (
				681AF19C0F699B3900E8DE1B /* tricorn.fs */,
				681AF19D0F699B3900E8DE1B /* ab.fs */,
				681AF19E0F699B3900E8DE1B /* boundary.fs */,
				681AF19F0F699B3900E8DE1B /* extern.fs */,
				681AF1A00F699B3900E8DE1B /* Julia.fs */,
				681AF1A10F699B3900E8DE1B /* Mandelbrot.fs */,
				681AF1A20F699B3900E8DE1B /* precrit.fs */,
				681AF1A30F699B3900E8DE1B /* ext.fs */,
				681AF1A40F699B3900E8DE1B /* tiles.fs */,
			);
			path = "Quadratic Maps";
			sourceTree = "<group>";
		};
		681AF1A50F699B3900E8DE1B /* Several Complex Variables */ = {
			isa = PBXGroup;
			children = (
				681AF1A60F699B3900E8DE1B /* except.fs */,
			);
			path = "Several Complex Variables";
			sourceTree = "<group>";
		};
		681AF1A70F699B3900E8DE1B /* Transcendental Dynamics */ = {
			isa = PBXGroup;
			children = (
				681AF1A80F699B3900E8DE1B /* arcsin.fs */,
				681AF1A90F699B3900E8DE1B /* arcsinp1.fs */,
				681AF1AA0F699B3900E8DE1B /* exp.fs */,
			);
			path = "Transcendental Dynamics";
			sourceTree = "<group>";
		};
		681AF1AC0F699B8000E8DE1B /* Hénon Map */ = {
			isa = PBXGroup;
			children = (
				681AF1AD0F699B8F00E8DE1B /* henonc.fs */,
				681AF1AE0F699B8F00E8DE1B /* henona.fs */,
			);
			name = "Hénon Map";
			sourceTree = "<group>";
		};
		681AF1B80F699DEA00E8DE1B /* Libraries */ = {
			isa = PBXGroup;
			children = (
				681AF1B90F699DEA00E8DE1B /* LLVMExecutionEngine.o */,
				681AF1BA0F699DEA00E8DE1B /* LLVMJIT.o */,
				681AF1BB0F699DEA00E8DE1B /* LLVMPowerPCAsmPrinter.o */,
				681AF1BC0F699DEA00E8DE1B /* LLVMPowerPCCodeGen.o */,
				681AF1BD0F699DEA00E8DE1B /* LLVMX86AsmPrinter.o */,
				681AF1BE0F699DEA00E8DE1B /* LLVMX86CodeGen.o */,
			);
			name = Libraries;
			sourceTree = "<group>";
		};
		68AF3A5B1049D80600967604 /* Windows Libraries */ = {
			isa = PBXGroup;
			children = (
				68AF3A641049D83400967604 /* LLVMExecutionEngine.o */,
				68AF3A691049D83400967604 /* LLVMJIT.o */,
				68AF3A6D1049D83400967604 /* LLVMPowerPCAsmPrinter.o */,
				68AF3A6E1049D83400967604 /* LLVMPowerPCCodeGen.o */,
				68AF3A701049D83400967604 /* LLVMX86AsmPrinter.o */,
				68AF3A711049D83400967604 /* LLVMX86CodeGen.o */,
			);
			name = "Windows Libraries";
			sourceTree = "<group>";
		};
/* End PBXGroup section */

/* Begin PBXNativeTarget section */
		683CAB310FD787500071EEAB /* FractalStream-Windows */ = {
			isa = PBXNativeTarget;
			buildConfigurationList = 683CAB930FD787500071EEAB /* Build configuration list for PBXNativeTarget "FractalStream-Windows" */;
			buildPhases = (
				683CAB320FD787500071EEAB /* Resources */,
				683CAB3A0FD787500071EEAB /* Sources */,
				683CAB550FD787500071EEAB /* Copy Files (Tools) */,
				683CAB560FD787500071EEAB /* Frameworks */,
				683CAB5E0FD787500071EEAB /* Copy Files (Scripts) */,
				683CAB5F0FD787500071EEAB /* Copy Files (Colors) */,
				683CAB790FD787500071EEAB /* Copy Files (Differential Eqns) */,
				683CAB7C0FD787500071EEAB /* Copy Files (Newton's Method) */,
				683CAB800FD787500071EEAB /* Copy Files (Other) */,
				683CAB830FD787500071EEAB /* Copy Files (Quadratic Maps) */,
				683CAB8D0FD787500071EEAB /* Copy Files (Several Complex Variables) */,
				683CAB8F0FD787500071EEAB /* Copy Files (Transcendental Dynamics) */,
				683CABA00FD7885F0071EEAB /* ShellScript */,
			);
			buildRules = (
				683CAB9D0FD7878C0071EEAB /* PBXBuildRule */,
				683CAB9E0FD7878C0071EEAB /* PBXBuildRule */,
			);
			dependencies = (
			);
			name = "FractalStream-Windows";
			productInstallPath = "$(HOME)/Applications";
			productName = FractalStream;
			productReference = 683CAB960FD787500071EEAB /* FractalStream.app */;
			productType = "com.apple.product-type.application";
		};
		8D15AC270486D014006FF6A4 /* FractalStream */ = {
			isa = PBXNativeTarget;
			buildConfigurationList = C05733C708A9546B00998B17 /* Build configuration list for PBXNativeTarget "FractalStream" */;
			buildPhases = (
				8D15AC2B0486D014006FF6A4 /* Resources */,
				8D15AC300486D014006FF6A4 /* Sources */,
				681AF3210F6BFC3200E8DE1B /* Copy Files (Tools) */,
				8D15AC330486D014006FF6A4 /* Frameworks */,
				681AF1F90F69A8C900E8DE1B /* Copy Files (Scripts) */,
				681AF27A0F69C44100E8DE1B /* Copy Files (Colors) */,
				681AF1FA0F69A8C900E8DE1B /* Copy Files (Differential Eqns) */,
				681AF2020F69A93600E8DE1B /* Copy Files (Newton's Method) */,
				681AF2030F69A93600E8DE1B /* Copy Files (Other) */,
				681AF2490F69A9CF00E8DE1B /* Copy Files (Quadratic Maps) */,
				681AF24A0F69A9CF00E8DE1B /* Copy Files (Several Complex Variables) */,
				6802828E10ABC1900077048E /* Copy Files (Hénon Map) */,
				681AF24B0F69A9CF00E8DE1B /* Copy Files (Transcendental Dynamics) */,
			);
			buildRules = (
			);
			dependencies = (
			);
			name = FractalStream;
			productInstallPath = "$(HOME)/Applications";
			productName = FractalStream;
			productReference = 8D15AC370486D014006FF6A4 /* FractalStream.app */;
			productType = "com.apple.product-type.application";
		};
/* End PBXNativeTarget section */

/* Begin PBXProject section */
		2A37F4A9FDCFA73011CA2CEA /* Project object */ = {
			isa = PBXProject;
			buildConfigurationList = C05733CB08A9546B00998B17 /* Build configuration list for PBXProject "FractalStream" */;
			compatibilityVersion = "Xcode 3.1";
			hasScannedForEncodings = 1;
			mainGroup = 2A37F4AAFDCFA73011CA2CEA /* FractalStream */;
			projectDirPath = "";
			projectRoot = "";
			targets = (
				8D15AC270486D014006FF6A4 /* FractalStream */,
				683CAB310FD787500071EEAB /* FractalStream-Windows */,
			);
		};
/* End PBXProject section */

/* Begin PBXResourcesBuildPhase section */
		683CAB320FD787500071EEAB /* Resources */ = {
			isa = PBXResourcesBuildPhase;
			buildActionMask = 2147483647;
			files = (
				68A3108B10B3B79D0019C1F8 /* mandelbrot.icns in Resources */,
				68A3108C10B3B79D0019C1F8 /* FSDocument.xib in Resources */,
				68A3108D10B3B79D0019C1F8 /* MainMenu.xib in Resources */,
				68A3108E10B3B79D0019C1F8 /* FSDocument-windows.xib in Resources */,
				68A3108F10B3B79D0019C1F8 /* MainMenu-windows.xib in Resources */,
				68A3109010B3B79D0019C1F8 /* Info.plist in Resources */,
				683CAB340FD787500071EEAB /* InfoPlist.strings in Resources */,
				683CAB330FD787500071EEAB /* Credits.rtf in Resources */,
				683CAB370FD787500071EEAB /* henonc.fs in Resources */,
				683CAB380FD787500071EEAB /* henona.fs in Resources */,
				683CAB390FD787500071EEAB /* julia.icns in Resources */,
			);
			runOnlyForDeploymentPostprocessing = 0;
		};
		8D15AC2B0486D014006FF6A4 /* Resources */ = {
			isa = PBXResourcesBuildPhase;
			buildActionMask = 2147483647;
			files = (
				6816EB7F10B1CCBC00B01D0E /* mandelbrot.icns in Resources */,
				6802824710AB1A060077048E /* FSDocument.xib in Resources */,
				6802824810AB1A060077048E /* MainMenu.xib in Resources */,
				681AF1B70F699BCC00E8DE1B /* julia.icns in Resources */,
				683942D010B39DEB00A6A993 /* FSDocument-windows.xib in Resources */,
				683942D110B39DEB00A6A993 /* MainMenu-windows.xib in Resources */,
				8D15AC2C0486D014006FF6A4 /* Credits.rtf in Resources */,
				68A3108A10B3B78E0019C1F8 /* Info.plist in Resources */,
				8D15AC2F0486D014006FF6A4 /* InfoPlist.strings in Resources */,
				681AF1AF0F699B8F00E8DE1B /* henonc.fs in Resources */,
				681AF1B00F699B8F00E8DE1B /* henona.fs in Resources */,
			);
			runOnlyForDeploymentPostprocessing = 0;
		};
/* End PBXResourcesBuildPhase section */

/* Begin PBXShellScriptBuildPhase section */
		683CABA00FD7885F0071EEAB /* ShellScript */ = {
			isa = PBXShellScriptBuildPhase;
			buildActionMask = 2147483647;
			files = (
			);
			inputPaths = (
			);
			outputPaths = (
			);
			runOnlyForDeploymentPostprocessing = 0;
			shellPath = /bin/sh;
			shellScript = "/Developer/Cocotron/1.0/bin/retargetBundle -framework Foundation -framework AppKit -destination $TARGET_BUILD_DIR\"/\"$EXECUTABLE_FOLDER_PATH";
		};
/* End PBXShellScriptBuildPhase section */

/* Begin PBXSourcesBuildPhase section */
		683CAB3A0FD787500071EEAB /* Sources */ = {
			isa = PBXSourcesBuildPhase;
			buildActionMask = 2147483647;
			files = (
				683CAB3B0FD787500071EEAB /* main.m in Sources */,
				683CAB3C0FD787500071EEAB /* FSScriptLibraryController.m in Sources */,
				683CAB3D0FD787500071EEAB /* FSColorLibraryController.m in Sources */,
				683CAB3E0FD787500071EEAB /* FSColorWidget.m in Sources */,
				683CAB3F0FD787500071EEAB /* FSDocument.m in Sources */,
				683CAB400FD787500071EEAB /* FSSave.m in Sources */,
				683CAB410FD787500071EEAB /* FSSession.m in Sources */,
				683CAB420FD787500071EEAB /* FSBrowser.m in Sources */,
				683CAB430FD787500071EEAB /* FSEParseTree.m in Sources */,
				683CAB440FD787500071EEAB /* FSECompiler.m in Sources */,
				683CAB460FD787500071EEAB /* FSEController.m in Sources */,
				683CAB470FD787500071EEAB /* FSKernel.mm in Sources */,
				683CAB480FD787500071EEAB /* FSJitter.mm in Sources */,
				683CAB490FD787500071EEAB /* FSCursors.m in Sources */,
				683CAB4A0FD787500071EEAB /* FSTools.m in Sources */,
				683CAB4B0FD787500071EEAB /* FSRenderer.m in Sources */,
				683CAB4C0FD787500071EEAB /* FSViewer.m in Sources */,
				683CAB4D0FD787500071EEAB /* FSRenderOperation.m in Sources */,
				683CAB4E0FD787500071EEAB /* FSColorizer.m in Sources */,
				683CAB4F0FD787500071EEAB /* FSColorOperation.m in Sources */,
				683CAB500FD787500071EEAB /* FSThreading.m in Sources */,
				683CAB510FD787500071EEAB /* FSStartup.m in Sources */,
				683CAB520FD787500071EEAB /* FSFullscreenWindow.m in Sources */,
				683CAB530FD787500071EEAB /* FSCustomDataManager.m in Sources */,
				68AF3AA51049EB7600967604 /* FSColor.m in Sources */,
				68A310C610B3C1040019C1F8 /* FSPanel.m in Sources */,
			);
			runOnlyForDeploymentPostprocessing = 0;
		};
		8D15AC300486D014006FF6A4 /* Sources */ = {
			isa = PBXSourcesBuildPhase;
			buildActionMask = 2147483647;
			files = (
				8D15AC320486D014006FF6A4 /* main.m in Sources */,
				681AF1470F699AF900E8DE1B /* FSScriptLibraryController.m in Sources */,
				681AF1480F699AF900E8DE1B /* FSColorLibraryController.m in Sources */,
				681AF1490F699AF900E8DE1B /* FSColorWidget.m in Sources */,
				681AF14A0F699AF900E8DE1B /* FSDocument.m in Sources */,
				681AF14B0F699AF900E8DE1B /* FSSave.m in Sources */,
				681AF14C0F699AF900E8DE1B /* FSSession.m in Sources */,
				681AF14D0F699AF900E8DE1B /* FSBrowser.m in Sources */,
				681AF14E0F699AF900E8DE1B /* FSEParseTree.m in Sources */,
				681AF14F0F699AF900E8DE1B /* FSECompiler.m in Sources */,
				681AF1510F699AF900E8DE1B /* FSEController.m in Sources */,
				681AF1520F699AF900E8DE1B /* FSKernel.mm in Sources */,
				681AF1530F699AF900E8DE1B /* FSJitter.mm in Sources */,
				681AF1540F699AF900E8DE1B /* FSCursors.m in Sources */,
				681AF1550F699AF900E8DE1B /* FSTools.m in Sources */,
				681AF1560F699AF900E8DE1B /* FSRenderer.m in Sources */,
				681AF1570F699AF900E8DE1B /* FSViewer.m in Sources */,
				681AF1580F699AF900E8DE1B /* FSRenderOperation.m in Sources */,
				681AF1590F699AF900E8DE1B /* FSColorizer.m in Sources */,
				681AF15A0F699AF900E8DE1B /* FSColorOperation.m in Sources */,
				681AF15B0F699AF900E8DE1B /* FSThreading.m in Sources */,
				681AF15E0F699B2A00E8DE1B /* FSStartup.m in Sources */,
				681AF4C50F6CCE8000E8DE1B /* FSFullscreenWindow.m in Sources */,
				68605DB80F6DCEE500189C8C /* FSCustomDataManager.m in Sources */,
				68411693100306F000C5323F /* FSColor.m in Sources */,
				6802822D10AB17CF0077048E /* FSPanel.m in Sources */,
			);
			runOnlyForDeploymentPostprocessing = 0;
		};
/* End PBXSourcesBuildPhase section */

/* Begin PBXVariantGroup section */
		089C165FFE840EACC02AAC07 /* InfoPlist.strings */ = {
			isa = PBXVariantGroup;
			children = (
				089C1660FE840EACC02AAC07 /* English */,
			);
			name = InfoPlist.strings;
			sourceTree = "<group>";
		};
		2A37F4B9FDCFA73011CA2CEA /* Credits.rtf */ = {
			isa = PBXVariantGroup;
			children = (
				2A37F4BAFDCFA73011CA2CEA /* English */,
			);
			name = Credits.rtf;
			sourceTree = "<group>";
		};
		6802824310AB1A060077048E /* FSDocument.xib */ = {
			isa = PBXVariantGroup;
			children = (
				6802824410AB1A060077048E /* English */,
			);
			name = FSDocument.xib;
			sourceTree = "<group>";
		};
		6802824510AB1A060077048E /* MainMenu.xib */ = {
			isa = PBXVariantGroup;
			children = (
				6802824610AB1A060077048E /* English */,
			);
			name = MainMenu.xib;
			sourceTree = "<group>";
		};
		683942CC10B39DEB00A6A993 /* FSDocument-windows.xib */ = {
			isa = PBXVariantGroup;
			children = (
				683942CD10B39DEB00A6A993 /* English */,
			);
			name = "FSDocument-windows.xib";
			sourceTree = "<group>";
		};
		683942CE10B39DEB00A6A993 /* MainMenu-windows.xib */ = {
			isa = PBXVariantGroup;
			children = (
				683942CF10B39DEB00A6A993 /* English */,
			);
			name = "MainMenu-windows.xib";
			sourceTree = "<group>";
		};
/* End PBXVariantGroup section */

/* Begin XCBuildConfiguration section */
		683CAB940FD787500071EEAB /* Debug */ = {
			isa = XCBuildConfiguration;
			buildSettings = {
				ALWAYS_SEARCH_USER_PATHS = NO;
				ARCHS = "$(NATIVE_ARCH)";
				COPY_PHASE_STRIP = NO;
				DEBUG_INFORMATION_FORMAT = dwarf;
				EXECUTABLE_FOLDER_PATH = "$(CONTENTS_FOLDER_PATH)/Windows";
				EXECUTABLE_SUFFIX = .exe;
				FRAMEWORK_SEARCH_PATHS = /Developer/Cocotron/1.0/Windows/i386/Frameworks;
				GCC_DYNAMIC_NO_PIC = NO;
				GCC_ENABLE_CPP_RTTI = NO;
				GCC_ENABLE_FIX_AND_CONTINUE = NO;
				GCC_FAST_OBJC_DISPATCH = NO;
				GCC_MODEL_TUNING = G5;
				GCC_OPTIMIZATION_LEVEL = 0;
				GCC_PLATFORM_DEFINES = "-DWINDOWS";
				GCC_PRECOMPILE_PREFIX_HEADER = NO;
				GCC_PREFIX_HEADER = FractalStream_Prefix.pch;
				GCC_PREPROCESSOR_DEFINITIONS = (
					__MINGW__,
					__STDC_CONSTANT_MACROS,
					LLVM_ON_WIN32,
					__STDC_LIMIT_MACROS,
					_GNU_SOURCE,
					_DEBUG,
				);
				GCC_SYMBOLS_PRIVATE_EXTERN = NO;
				HEADER_SEARCH_PATHS = /Users/noonan/winlib/include;
				INFOPLIST_FILE = /Users/noonan/Desktop/FractalStream/Info.plist;
				INSTALL_PATH = "$(HOME)/Applications";
				LIBRARY_SEARCH_PATHS = (
					/Users/noonan/winlib/local/lib,
					/Users/noonan/winlib/lib,
				);
				OTHER_LDFLAGS = (
					"-lpthread",
					./win/LLVMX86AsmPrinter.o,
					./win/LLVMX86CodeGen.o,
					"-lLLVMAsmPrinter",
					"-lLLVMSelectionDAG",
					./win/LLVMExecutionEngine.o,
					./win/LLVMInterpreter.o,
					./win/LLVMJIT.o,
					"-lLLVMCodeGen",
					"-lLLVMipo",
					"-lLLVMScalarOpts",
					"-lLLVMTransformUtils",
					"-lLLVMipa",
					"-lLLVMAnalysis",
					"-lLLVMTarget",
					"-lLLVMCore",
					"-lLLVMSupport",
					"-lLLVMSystem",
					"-limagehlp",
					"-lpsapi",
					"-Wl",
					"-mconsole",
					"-mwindows",
				);
				PRODUCT_NAME = FractalStream;
				SDKROOT = "";
				SYMROOT = build/Windows;
				USER_HEADER_SEARCH_PATHS = /Users/noonan/winlib/include;
				VALID_ARCHS = i386;
			};
			name = Debug;
		};
		683CAB950FD787500071EEAB /* Release */ = {
			isa = XCBuildConfiguration;
			buildSettings = {
				ALWAYS_SEARCH_USER_PATHS = NO;
				ARCHS = "$(NATIVE_ARCH)";
				DEBUG_INFORMATION_FORMAT = dwarf;
				EXECUTABLE_FOLDER_PATH = "$(CONTENTS_FOLDER_PATH)/Windows";
				EXECUTABLE_SUFFIX = .exe;
				FRAMEWORK_SEARCH_PATHS = /Developer/Cocotron/1.0/Windows/i386/Frameworks;
				GCC_DYNAMIC_NO_PIC = NO;
				GCC_ENABLE_CPP_RTTI = NO;
				GCC_ENABLE_FIX_AND_CONTINUE = NO;
				GCC_FAST_OBJC_DISPATCH = NO;
				GCC_MODEL_TUNING = G5;
				GCC_PRECOMPILE_PREFIX_HEADER = NO;
				GCC_PREFIX_HEADER = "";
				GCC_PREPROCESSOR_DEFINITIONS = (
					__MINGW__,
					__STDC_CONSTANT_MACROS,
					LLVM_ON_WIN32,
					__STDC_LIMIT_MACROS,
					_GNU_SOURCE,
					_DEBUG,
				);
				GCC_SYMBOLS_PRIVATE_EXTERN = NO;
				GCC_VERSION = "";
				HEADER_SEARCH_PATHS = /Users/noonan/winlib/include;
				INFOPLIST_FILE = /Users/noonan/Desktop/FractalStream/Info.plist;
				INSTALL_PATH = "$(HOME)/Applications";
				LIBRARY_SEARCH_PATHS = (
					/Users/noonan/winlib/local/lib,
					/Users/noonan/winlib/lib,
				);
				MACOSX_DEPLOYMENT_TARGET = "";
				OTHER_LDFLAGS = (
					"-lpthread",
					./win/LLVMX86AsmPrinter.o,
					./win/LLVMX86CodeGen.o,
					"-lLLVMAsmPrinter",
					"-lLLVMSelectionDAG",
					./win/LLVMExecutionEngine.o,
					./win/LLVMInterpreter.o,
					./win/LLVMJIT.o,
					"-lLLVMCodeGen",
					"-lLLVMipo",
					"-lLLVMScalarOpts",
					"-lLLVMTransformUtils",
					"-lLLVMipa",
					"-lLLVMAnalysis",
					"-lLLVMTarget",
					"-lLLVMCore",
					"-lLLVMSupport",
					"-lLLVMSystem",
					"-limagehlp",
					"-lpsapi",
					"-Wl",
					"-mconsole",
					"-mwindows",
				);
				PRECOMPS_INCLUDE_HEADERS_FROM_BUILT_PRODUCTS_DIR = YES;
				PRODUCT_NAME = FractalStream;
				SDKROOT = "";
				SYMROOT = build/Windows;
				USER_HEADER_SEARCH_PATHS = /Users/noonan/winlib/include;
				VALID_ARCHS = i386;
			};
			name = Release;
		};
		C05733C808A9546B00998B17 /* Debug */ = {
			isa = XCBuildConfiguration;
			buildSettings = {
				ALWAYS_SEARCH_USER_PATHS = NO;
				COPY_PHASE_STRIP = NO;
				GCC_DYNAMIC_NO_PIC = NO;
				GCC_ENABLE_FIX_AND_CONTINUE = YES;
				GCC_MODEL_TUNING = G5;
				GCC_OPTIMIZATION_LEVEL = 0;
				GCC_PRECOMPILE_PREFIX_HEADER = YES;
				GCC_PREFIX_HEADER = FractalStream_Prefix.pch;
				INFOPLIST_FILE = Info.plist;
				INSTALL_PATH = "$(HOME)/Applications";
				LIBRARY_SEARCH_PATHS = (
					"$(inherited)",
					"\"$(SRCROOT)/win\"",
				);
				PRODUCT_NAME = FractalStream;
			};
			name = Debug;
		};
		C05733C908A9546B00998B17 /* Release */ = {
			isa = XCBuildConfiguration;
			buildSettings = {
				ALWAYS_SEARCH_USER_PATHS = NO;
				ARCHS = "$(ARCHS_STANDARD_32_BIT)";
				DEBUG_INFORMATION_FORMAT = "dwarf-with-dsym";
				GCC_MODEL_TUNING = G5;
				GCC_PLATFORM_DEFINES = "";
				GCC_PRECOMPILE_PREFIX_HEADER = YES;
				GCC_PREFIX_HEADER = FractalStream_Prefix.pch;
				GCC_PREPROCESSOR_DEFINITIONS = (
					__STDC_CONSTANT_MACROS,
					__STDC_LIMIT_MACROS,
					_GNU_SOURCE,
					_DEBUG,
				);
				INFOPLIST_FILE = Info.plist;
				INSTALL_PATH = "$(HOME)/Applications";
				LIBRARY_SEARCH_PATHS = (
					"$(inherited)",
					"\"$(SRCROOT)\"",
				);
				ONLY_ACTIVE_ARCH = NO;
				OTHER_LDFLAGS = (
					"-lLLVMAsmPrinter",
					"-lLLVMSelectionDAG",
					"-lLLVMSystem",
					"-lLLVMSupport",
					"-lLLVMCore",
					"-lLLVMTarget",
					"-lLLVMAnalysis",
					"-lLLVMipa",
					"-lLLVMTransformUtils",
					"-lLLVMScalarOpts",
					"-lLLVMipo",
					"-lLLVMCodeGen",
					"-lm",
					"-lpthread",
				);
				PRODUCT_NAME = FractalStream;
				STANDARD_C_PLUS_PLUS_LIBRARY_TYPE = dynamic;
				VALID_ARCHS = "i386 ppc x86_64";
			};
			name = Release;
		};
		C05733CC08A9546B00998B17 /* Debug */ = {
			isa = XCBuildConfiguration;
			buildSettings = {
				ARCHS = "$(ARCHS_STANDARD_32_BIT)";
				GCC_C_LANGUAGE_STANDARD = c99;
				GCC_OPTIMIZATION_LEVEL = 0;
				GCC_PLATFORM_DEFINES = "";
				GCC_PREPROCESSOR_DEFINITIONS = (
					__STDC_CONSTANT_MACROS,
					__STDC_LIMIT_MACROS,
					_GNU_SOURCE,
					_DEBUG,
				);
				GCC_WARN_ABOUT_RETURN_TYPE = YES;
				GCC_WARN_HIDDEN_VIRTUAL_FUNCTIONS = YES;
				GCC_WARN_UNUSED_VARIABLE = YES;
				HEADER_SEARCH_PATHS = /usr/local/include;
				LIBRARY_SEARCH_PATHS = /usr/local/lib;
				ONLY_ACTIVE_ARCH = YES;
				OTHER_LDFLAGS = (
					"-lLLVMAsmPrinter",
					"-lLLVMSelectionDAG",
					"-lLLVMSystem",
					"-lLLVMSupport",
					"-lLLVMCore",
					"-lLLVMTarget",
					"-lLLVMAnalysis",
					"-lLLVMipa",
					"-lLLVMTransformUtils",
					"-lLLVMScalarOpts",
					"-lLLVMipo",
					"-lLLVMCodeGen",
					"-lm",
					"-lpthread",
				);
				PREBINDING = NO;
				SDKROOT = macosx10.5;
				USER_HEADER_SEARCH_PATHS = /usr/local/include;
			};
			name = Debug;
		};
		C05733CD08A9546B00998B17 /* Release */ = {
			isa = XCBuildConfiguration;
			buildSettings = {
				ARCHS = "$(ARCHS_STANDARD_32_BIT)";
				GCC_C_LANGUAGE_STANDARD = c99;
				GCC_PLATFORM_DEFINES = "-DWINDOWS";
				GCC_PREPROCESSOR_DEFINITIONS = (
					__STDC_LIMIT_MACROS,
					_GNU_SOURCE,
					_DEBUG,
				);
				GCC_WARN_ABOUT_RETURN_TYPE = YES;
				GCC_WARN_HIDDEN_VIRTUAL_FUNCTIONS = YES;
				GCC_WARN_UNUSED_VARIABLE = YES;
				HEADER_SEARCH_PATHS = /usr/local/include;
				LIBRARY_SEARCH_PATHS = /usr/local/lib;
				MACOSX_DEPLOYMENT_TARGET = 10.4;
				OTHER_LDFLAGS = (
					"-lLLVMAsmPrinter",
					"-lLLVMSelectionDAG",
					"-lLLVMSystem",
					"-lLLVMSupport",
					"-lLLVMCore",
					"-lLLVMTarget",
					"-lLLVMAnalysis",
					"-lLLVMipa",
					"-lLLVMTransformUtils",
					"-lLLVMScalarOpts",
					"-lLLVMipo",
					"-lLLVMCodeGen",
					"-lm",
					"-lpthread",
				);
				PREBINDING = NO;
				SDKROOT = macosx10.6;
				USER_HEADER_SEARCH_PATHS = /usr/local/include;
			};
			name = Release;
		};
/* End XCBuildConfiguration section */

/* Begin XCConfigurationList section */
		683CAB930FD787500071EEAB /* Build configuration list for PBXNativeTarget "FractalStream-Windows" */ = {
			isa = XCConfigurationList;
			buildConfigurations = (
				683CAB940FD787500071EEAB /* Debug */,
				683CAB950FD787500071EEAB /* Release */,
			);
			defaultConfigurationIsVisible = 0;
			defaultConfigurationName = Release;
		};
		C05733C708A9546B00998B17 /* Build configuration list for PBXNativeTarget "FractalStream" */ = {
			isa = XCConfigurationList;
			buildConfigurations = (
				C05733C808A9546B00998B17 /* Debug */,
				C05733C908A9546B00998B17 /* Release */,
			);
			defaultConfigurationIsVisible = 0;
			defaultConfigurationName = Release;
		};
		C05733CB08A9546B00998B17 /* Build configuration list for PBXProject "FractalStream" */ = {
			isa = XCConfigurationList;
			buildConfigurations = (
				C05733CC08A9546B00998B17 /* Debug */,
				C05733CD08A9546B00998B17 /* Release */,
			);
			defaultConfigurationIsVisible = 0;
			defaultConfigurationName = Release;
		};
/* End XCConfigurationList section */
	};
	rootObject = 2A37F4A9FDCFA73011CA2CEA /* Project object */;
}
